github.com/andybalholm/brotli v1.2.0 h1:ukwgCxwYrmACq68yiUqwIWnGY0cTPox/M94sVwToPjQ=
github.com/andybalholm/brotli v1.2.0/go.mod h1:rzTDkvFWvIrjDXZHkuS16NPggd91W3kUSvPlQ1pLaKY=
github.com/apache/arrow-go/v18 v18.4.1 h1:q/jVkBWCJOB9reDgaIZIdruLQUb1kbkvOnOFezVH1C4=
github.com/apache/arrow-go/v18 v18.4.1/go.mod h1:tLyFubsAl17bvFdUAy24bsSvA/6ww95Iqi67fTpGu3E=
github.com/apache/thrift v0.22.0 h1:r7mTJdj51TMDe6RtcmNdQxgn9XcyfGDOzegMDRg47uc=
github.com/apache/thrift v0.22.0/go.mod h1:1e7J/O1Ae6ZQMTYdy9xa3w9k+XHWPfRvdPyJeynQ+/g=
github.com/aws/aws-sdk-go-v2 v1.41.7 h1:DWpAJt66FmnnaRIOT/8ASTucrvuDPZASqhhLey6tLY8=
github.com/aws/aws-sdk-go-v2 v1.41.7/go.mod h1:4LAfZOPHNVNQEckOACQx60Y8pSRjIkNZQz1w92xpMJc=
github.com/aws/aws-sdk-go-v2 v1.41.8 h1:sRs7nG6/RiEBZ/K5UO2sNw0w40U02Nmz1VtARloTZXk=
github.com/aws/aws-sdk-go-v2 v1.41.8/go.mod h1:4LAfZOPHNVNQEckOACQx60Y8pSRjIkNZQz1w92xpMJc=
github.com/aws/aws-sdk-go-v2 v1.41.9 h1:/rYeyO2+HrMztAmxAq9++XJtFMqSIpSsNA0yDGALYq4=
github.com/aws/aws-sdk-go-v2 v1.41.9/go.mod h1:+HsoOEX80qAVUitj1A2DhCNTjmb3edVyuDypb6LNEeo=
github.com/aws/aws-sdk-go-v2 v1.41.10 h1:i/Ezw+xWTo/EtO/lEq6xBYu9RXpRb3QPN5UlTsJg8Ck=
github.com/aws/aws-sdk-go-v2 v1.41.10/go.mod h1:+HsoOEX80qAVUitj1A2DhCNTjmb3edVyuDypb6LNEeo=
github.com/aws/aws-sdk-go-v2 v1.41.11 h1:9PRf7jyTMEUM6fuNRAJa2mO/skJfrF50rENJwf2LXqw=
github.com/aws/aws-sdk-go-v2 v1.41.11/go.mod h1:iiUX27gOXRuYaoeUVXhUpPwjJHzISfPAjjcuhUbLSVs=
github.com/aws/aws-sdk-go-v2 v1.41.12 h1:DIKX2c31ekm9RA2D9FBj1EWXx++9AdAqRw+e78Tq2Ck=
github.com/aws/aws-sdk-go-v2 v1.41.12/go.mod h1:27+ACypSLljLAEKsCYOmrjKh83vuTRkuAe9Uv/3A4bg=
github.com/aws/aws-sdk-go-v2 v1.42.0 h1:XvXMJTkFQtpBKIWZnmr9ZEOc2InWM2yldjXEJ/bymhA=
github.com/aws/aws-sdk-go-v2 v1.42.0/go.mod h1:27+ACypSLljLAEKsCYOmrjKh83vuTRkuAe9Uv/3A4bg=
github.com/aws/aws-sdk-go-v2 v1.42.1 h1:9eOTgu1z/dVtYpNZ3/8/XbbaX0x/BqE3HUzAzs6K0ek=
github.com/aws/aws-sdk-go-v2 v1.42.1/go.mod h1:5pKeft2eJj+gElQ38Jqg4ibCqh+/AK33/0X3hip7IjM=
github.com/aws/aws-sdk-go-v2/config v1.32.18 h1:Hcia46bxhGgF3BaSnG8nSNCWmqTK6bj9xN9/FJ3WK6Q=
github.com/aws/aws-sdk-go-v2/config v1.32.18/go.mod h1:zEjCAYmxqDadH1WX8CdBvmLKhUEUVFgKRQG38zjDmrY=
github.com/aws/aws-sdk-go-v2/config v1.32.19 h1:qRhIJMbevHUvIE7X4TK8N8zye5+5AhapcslPrvB+qKE=
github.com/aws/aws-sdk-go-v2/config v1.32.19/go.mod h1:RbJ24nfoya63+Mf5VI+CGCGk9vEdv28xPeii+gojRYs=
github.com/aws/aws-sdk-go-v2/config v1.32.20 h1:8VMDnWc/kEzxsI/1ngGM9mG81a8IGmIHD8KLcYGwagc=
github.com/aws/aws-sdk-go-v2/config v1.32.20/go.mod h1:PuwEpciweIXGULWeOeSTXtSbH4CW9mWdWrhdCKQI1sM=
github.com/aws/aws-sdk-go-v2/config v1.32.21 h1:1i1v5jWn6iNPl7zkH4VwIXQOb+OMqMRFNjdHQeZbFVo=
github.com/aws/aws-sdk-go-v2/config v1.32.21/go.mod h1:7NXDJjk0e4QOMv3Y3ppwALx3ifdSQHzCACFtRX5J1hI=
github.com/aws/aws-sdk-go-v2/config v1.32.22 h1:Vfvp7+fYKsVCADcWOEllqEV47aIBXhNchvyDFu1B5fY=
github.com/aws/aws-sdk-go-v2/config v1.32.22/go.mod h1:0+H+0nPKbvWltf5vSIGkApv+hGbaQ4FfwTjGIYQREcw=
github.com/aws/aws-sdk-go-v2/config v1.32.23 h1:PYDobtcsJXK6bQe9I8RQk6s19Bz3xa3xRU08Hy1Em3Y=
github.com/aws/aws-sdk-go-v2/config v1.32.23/go.mod h1:QID4dqUQVgEOYPKsPWd1sNWCCR2c5g7o3jeEtIXPOZU=
github.com/aws/aws-sdk-go-v2/config v1.32.24 h1:aEDEj533yGdVvEHfkCY0D/1FbDrjnZr4pIulxRjqpHs=
github.com/aws/aws-sdk-go-v2/config v1.32.24/go.mod h1:yZtrGKJGlqfEW+/m2uTsJK+Jz7xF5R0eZfgcIG9m1ss=
github.com/aws/aws-sdk-go-v2/config v1.32.25 h1:ACCejvStYoilgwrfegSt5ZntCbPrk52qfwyNcnl3omM=
github.com/aws/aws-sdk-go-v2/config v1.32.25/go.mod h1:LJyU8sDRbXUxFn8xMJIGP+v9QYYwveNLI8a/giAOiAs=
github.com/aws/aws-sdk-go-v2/config v1.32.26 h1:JI+W5B3jUA8UBz2ggbICGd9UCR6/+SB21G8EFl0SFTQ=
github.com/aws/aws-sdk-go-v2/config v1.32.26/go.mod h1:RLE2Ls/wRstvdSz1GPrIWNnXcKZ/znDdWyMuiQxdBoY=
github.com/aws/aws-sdk-go-v2/config v1.32.27 h1:SJwJ9Q4kM7v5QVSYYyXj3znRr6lNyZEhSgAXmXXcVbI=
github.com/aws/aws-sdk-go-v2/config v1.32.27/go.mod h1:uBfrzTRedDmB2u+b6+UlaKJy2O6VSH5un2jP24t/KvQ=
github.com/aws/aws-sdk-go-v2/config v1.32.28 h1:qY6afygxK5c2PPU3Sz8W6yB5W44RF1vnmPdBwViDN+Y=
github.com/aws/aws-sdk-go-v2/config v1.32.28/go.mod h1:WeS/wN1IDs8YC+BxTrFz9ZyJ1rufRBQfirOcDusEpmQ=
github.com/aws/aws-sdk-go-v2/credentials v1.19.17 h1:gP2nkGsS+KMvF/jfFz2Vv2qiiOqWKyPACSzPsqHgoW8=
github.com/aws/aws-sdk-go-v2/credentials v1.19.17/go.mod h1:Bsew3S/moG5iT77giPj1q8wb/s0RE5/QfH+ASjYtuQc=
github.com/aws/aws-sdk-go-v2/credentials v1.19.18 h1:GcXQz2M/0ZvMo0v5DakUqbDBeBM1ZNaivkolEF4Esgw=
github.com/aws/aws-sdk-go-v2/credentials v1.19.18/go.mod h1:sHJ06tMGcD3ZpmMyJqV+VBsGilhSIZPIN+ZFy5Dg0C4=
github.com/aws/aws-sdk-go-v2/credentials v1.19.19 h1:yuFzSV1U0aRNYCQGVaTY2zW2M/L93pYHnXnrJUphYhU=
github.com/aws/aws-sdk-go-v2/credentials v1.19.19/go.mod h1:7y63L1kGzeoDlJaQ3Z578KrnmfBut96JjvJUzGwR+YE=
github.com/aws/aws-sdk-go-v2/credentials v1.19.20 h1:nIGz0+cQKwijxSsWNpggvPxjxFMtrAHNj16RYzGbu2Q=
github.com/aws/aws-sdk-go-v2/credentials v1.19.20/go.mod h1:/UQHYia3DSeilGdchXJDEVzJws15XuZSdnTlwbTBg0Q=
github.com/aws/aws-sdk-go-v2/credentials v1.19.21 h1:0+HscFXtNa4+3buV4IlG6v5lnOdzi5TrpicFGjKHgh4=
github.com/aws/aws-sdk-go-v2/credentials v1.19.21/go.mod h1:UE8+9t5zudFwu5k5ShC1PKArVEdOkQQdCXIHQAVNUcU=
github.com/aws/aws-sdk-go-v2/credentials v1.19.22 h1:SHfH6wyPsEgG7fVsi5rQxWEt7tuIcN2PGhb1mTFv6tE=
github.com/aws/aws-sdk-go-v2/credentials v1.19.22/go.mod h1:54nO8lKD4aQPOntM/VTWjnR+DYzTwx0YkSMZMhAgewQ=
github.com/aws/aws-sdk-go-v2/credentials v1.19.23 h1:Zhu3GOpRCkNjtE/gJpuPDsytSnaCCTQk8neAGsgzG5Y=
github.com/aws/aws-sdk-go-v2/credentials v1.19.23/go.mod h1:VsJF2ropPB37gDr7M2rLSpCE8IQWdpl62uae7qxZmqU=
github.com/aws/aws-sdk-go-v2/credentials v1.19.24 h1:2hQqYCV9yqyePQ9o6dCrZc/zO8U3TwPr9mIKlZnPu/I=
github.com/aws/aws-sdk-go-v2/credentials v1.19.24/go.mod h1:IDwpACtwqHLISdzfwUUNq4P9DsB/h5BLg4FwJPNfqFY=
github.com/aws/aws-sdk-go-v2/credentials v1.19.25 h1:TzPVjfUZ1hsKafvYE+DIzKXIik2KufQxsPHanlkttbo=
github.com/aws/aws-sdk-go-v2/credentials v1.19.25/go.mod h1:K4hw0buguVvtC74HnVfTRr0LzQQHAWPqJbBU9QGk2Pg=
github.com/aws/aws-sdk-go-v2/credentials v1.19.26 h1:Si8kk1kyJnuJWCEgiwpBtTdtgSdR7i611596NnC0YIQ=
github.com/aws/aws-sdk-go-v2/credentials v1.19.26/go.mod h1:lBckz+W9SAdNtSDw3pYgQUJDJFcBBWry0GSzw+bK0TY=
github.com/aws/aws-sdk-go-v2/credentials v1.19.27 h1:cFksKkdaBGGmpe6XJpvrxFNWkbXY5/gwFqZNB2O9WCM=
github.com/aws/aws-sdk-go-v2/credentials v1.19.27/go.mod h1:20CoObBgNhFfl8/ggDQu2IZmItxDhkLcWSy4C3alDPI=
github.com/aws/aws-sdk-go-v2/feature/ec2/imds v1.18.23 h1:UuSfcORqNSz/ey3VPRS8TcVH2Ikf0/sC+Hdj400QI6U=
github.com/aws/aws-sdk-go-v2/feature/ec2/imds v1.18.23/go.mod h1:+G/OSGiOFnSOkYloKj/9M35s74LgVAdJBSD5lsFfqKg=
github.com/aws/aws-sdk-go-v2/feature/ec2/imds v1.18.24 h1:FQm5ApnyzkuJdXLGskPce83CK1CQKC4RUnIHKVe4BU4=
github.com/aws/aws-sdk-go-v2/feature/ec2/imds v1.18.24/go.mod h1:JsC7dqQc55MlZ5mvNsDMMge71u8pVcSzU3RNz2h/5yQ=
github.com/aws/aws-sdk-go-v2/feature/ec2/imds v1.18.25 h1:0w6dCiO8iez+YKwRhRBlL1CH/E3GTfdkuzrwj1by8vo=
github.com/aws/aws-sdk-go-v2/feature/ec2/imds v1.18.25/go.mod h1:9FDWUothyr5RCRAHc45XOiVCzUR8n/IhCYX+uVqw6vk=
github.com/aws/aws-sdk-go-v2/feature/ec2/imds v1.18.26 h1:a1VPHz7eG7mVNHWHXUcCyC8rQDBEr4k+o4HJYbSoYZ0=
github.com/aws/aws-sdk-go-v2/feature/ec2/imds v1.18.26/go.mod h1:9G8LPblMwaodeQdS+IfDBgPqABDctJLpyZ/M6jflE6s=
github.com/aws/aws-sdk-go-v2/feature/ec2/imds v1.18.27 h1:BEfN1sjtiKEdikRDxYkjZNE4tyvw/YbGWCbl3xDZgRw=
github.com/aws/aws-sdk-go-v2/feature/ec2/imds v1.18.27/go.mod h1:ISGSFNbOHRS+JV/17yStzRTPBUHHqF92kCpRLLyH3Nk=
github.com/aws/aws-sdk-go-v2/feature/ec2/imds v1.18.28 h1:b+kcDejJrXc30zU/w8Tc9klISwaO5wh+6T0sMBdDoHM=
github.com/aws/aws-sdk-go-v2/feature/ec2/imds v1.18.28/go.mod h1:LnI62O9GnSv6GcuLXxOYqlq0C8EmxMcgnF6m7LdYuOY=
github.com/aws/aws-sdk-go-v2/feature/ec2/imds v1.18.29 h1:r6qZHbT+wxgWO/e9vYNUEtg7lv5+UN3pRqKhLXvnArg=
github.com/aws/aws-sdk-go-v2/feature/ec2/imds v1.18.29/go.mod h1:QRnaRcTVGKPGRy8w78HMQtKUGRYcnMZAANATkeVA6Mo=
github.com/aws/aws-sdk-go-v2/feature/ec2/imds v1.18.30 h1:/hi1JADLEW9YYryEz1w4GQu0EtP23pP553Cf9KgsDV4=
github.com/aws/aws-sdk-go-v2/feature/ec2/imds v1.18.30/go.mod h1:/3AOgy4K17Dm4ucMZVC/MJkzy5kmfKUcINRHZyo0koQ=
github.com/aws/aws-sdk-go-v2/internal/configsources v1.4.23 h1:GpT/TrnBYuE5gan2cZbTtvP+JlHsutdmlV2YfEyNde0=
github.com/aws/aws-sdk-go-v2/internal/configsources v1.4.23/go.mod h1:xYWD6BS9ywC5bS3sz9Xh04whO/hzK2plt2Zkyrp4JuA=
github.com/aws/aws-sdk-go-v2/internal/configsources v1.4.24 h1:u6kJU2i0va1AgtJsH3RdWKWqHULlTh7zHwb35Womf74=
github.com/aws/aws-sdk-go-v2/internal/configsources v1.4.24/go.mod h1:7GY+xLcXOFUpCkNwDReft9qOAVg54A4/AnjHIU7sSAY=
github.com/aws/aws-sdk-go-v2/internal/configsources v1.4.25 h1:Uii3frf9ztec/ABM2/FSH9/z7PLzxfpG8h4RpkUFflQ=
github.com/aws/aws-sdk-go-v2/internal/configsources v1.4.25/go.mod h1:G6kntsA2GorAxDPbap6xgB2F+amSLUF8GJTi7PUoX44=
github.com/aws/aws-sdk-go-v2/internal/configsources v1.4.26 h1:dx1qc6V0exl5SK5/kwSc2IdOKCxLHoNbl/zXuYRwopw=
github.com/aws/aws-sdk-go-v2/internal/configsources v1.4.26/go.mod h1:iDMGb+drKqPTqRjv1kWc5meMYzT6HsvPXxJV/Axq1t0=
github.com/aws/aws-sdk-go-v2/internal/configsources v1.4.27 h1:8sPbKi1/KRHwl5oR3qN9mUXestCeHuaRutxylnr/eVY=
github.com/aws/aws-sdk-go-v2/internal/configsources v1.4.27/go.mod h1:QV9IVIopJ1dpQUno0f9VYDUwOEjj8u0iEJ4JiZVre3Y=
github.com/aws/aws-sdk-go-v2/internal/configsources v1.4.28 h1:Xf2j7NdVcUKomlZ4iihOP4AZ3Fzlr8h4yKpXeP+OFPg=
github.com/aws/aws-sdk-go-v2/internal/configsources v1.4.28/go.mod h1:O8cDo1dW63jU7ki//kRe1z+tLGcpnD1jrouitsQddDw=
github.com/aws/aws-sdk-go-v2/internal/configsources v1.4.29 h1:f3vKqSo13fhTYb+JEcXwXefZQE26I1FB5eTSniU67ko=
github.com/aws/aws-sdk-go-v2/internal/configsources v1.4.29/go.mod h1:MzoLFUArKGpGD+ukmPiTPG1X5x4o6M2kq4v2dr1FiEc=
github.com/aws/aws-sdk-go-v2/internal/configsources v1.4.30 h1:xM/Is9cKMHa8Jj8zkvWhvrFkZsXJV9E+BB4g0HW0duQ=
github.com/aws/aws-sdk-go-v2/internal/configsources v1.4.30/go.mod h1:WueJeNDZvK1fMYEWJIkcivBfEzUkTpBhzlrUKKY8EuA=
github.com/aws/aws-sdk-go-v2/internal/endpoints/v2 v2.7.23 h1:bpd8vxhlQi2r1hiueOw02f/duEPTMK59Q4QMAoTTtTo=
github.com/aws/aws-sdk-go-v2/internal/endpoints/v2 v2.7.23/go.mod h1:15DfR2nw+CRHIk0tqNyifu3G1YdAOy68RftkhMDDwYk=
github.com/aws/aws-sdk-go-v2/internal/endpoints/v2 v2.7.24 h1:Xhbcf3KugX6vX7SDyUK205Oicyfg7EGuvoVNyP5L6DM=
github.com/aws/aws-sdk-go-v2/internal/endpoints/v2 v2.7.24/go.mod h1:rwDgb2HNOGZsnTHylOUedM7Vnl+bCfnXDqUNPsFWYfk=
github.com/aws/aws-sdk-go-v2/internal/endpoints/v2 v2.7.25 h1:r1+/l6m+WaUJF9HISEsNOLHSNj5EXYQxK8VX6Cz9NlA=
github.com/aws/aws-sdk-go-v2/internal/endpoints/v2 v2.7.25/go.mod h1:cKf+D+NMDK1LndD7BowHbBZPgR9V0/5HubH0PFWvA+c=
github.com/aws/aws-sdk-go-v2/internal/endpoints/v2 v2.7.26 h1:ZjsIjuahUd/OxnxgfeK6OZqrReRNru1BcPfFD95IoN0=
github.com/aws/aws-sdk-go-v2/internal/endpoints/v2 v2.7.26/go.mod h1:57VbRA0K0Xxx5XUUTUrVxZ/gm4u8Bk3LBflfufwHtKQ=
github.com/aws/aws-sdk-go-v2/internal/endpoints/v2 v2.7.27 h1:9d8AoASQY9UwrOSmiJ7uSM0MGUPFhnenwSvpaFfat2c=
github.com/aws/aws-sdk-go-v2/internal/endpoints/v2 v2.7.27/go.mod h1:x0rldpsnUQaQIs4Rh+Vwm9Z/0vI6BxadGtsgJfZFb8s=
github.com/aws/aws-sdk-go-v2/internal/endpoints/v2 v2.7.28 h1:KqIfN9kpkKkcBqBbNpNGTIrXO6ExTUvFKvXkC+YAzVo=
github.com/aws/aws-sdk-go-v2/internal/endpoints/v2 v2.7.28/go.mod h1:uxtQiKvLtNS4iXVsH2McVD/ls8FKN/uUhe1hGxPjrw0=
github.com/aws/aws-sdk-go-v2/internal/endpoints/v2 v2.7.29 h1:RdwIf/CuUsvJX3RgJagbOyotl/cxoLY4xviKuE7p2GY=
github.com/aws/aws-sdk-go-v2/internal/endpoints/v2 v2.7.29/go.mod h1:71wt8W2EgswdZy9Mf9KNnzxZ3TiZlv4caKghPktDOkA=
github.com/aws/aws-sdk-go-v2/internal/endpoints/v2 v2.7.30 h1:jn46zC9LdsVR/ZpMIJqMqb8hHv31BlLx3ulVqNspUOk=
github.com/aws/aws-sdk-go-v2/internal/endpoints/v2 v2.7.30/go.mod h1:1hTMsAgbdS/AtUi4bw8+gUuh1pceo+eXRLfpSuSQj3M=
github.com/aws/aws-sdk-go-v2/internal/v4a v1.4.24 h1:OQqn11BtaYv1WLUowvcA30MpzIu8Ti4pcLPIIyoKZrA=
github.com/aws/aws-sdk-go-v2/internal/v4a v1.4.24/go.mod h1:X5ZJyfwVrWA96GzPmUCWFQaEARPR7gCrpq2E92PJwAE=
github.com/aws/aws-sdk-go-v2/internal/v4a v1.4.25 h1:54CTMmlJ71Rk2dYvM9qZOob+39wjlVja2zDLxCu69Ew=
github.com/aws/aws-sdk-go-v2/internal/v4a v1.4.25/go.mod h1:BZaHqxsS9vN1fvV5EfEl0OBLOk5+AajWsMu6MjqnZB4=
github.com/aws/aws-sdk-go-v2/internal/v4a v1.4.26 h1:A1PmWU2zfkIm9EyFlJncFXL4W4phML+h8KjltUsCvNQ=
github.com/aws/aws-sdk-go-v2/internal/v4a v1.4.26/go.mod h1:dY4MRzXEizrD4hqtpKvWVGPX7QleSGGVY+EBolo1RmM=
github.com/aws/aws-sdk-go-v2/internal/v4a v1.4.27 h1:i49S7g2smFWmlconi97Nn8dxb7jSQ0TeOFD20NX3M+o=
github.com/aws/aws-sdk-go-v2/internal/v4a v1.4.27/go.mod h1:qiLes3uVQAK+cpb837HUEhypYKGBz2ZCDcDl5BYQtpM=
github.com/aws/aws-sdk-go-v2/internal/v4a v1.4.28 h1:eaS9vwQ5ym4Y9S6+G/K3d3lgZhxs9Sldcn/YS7cmdKY=
github.com/aws/aws-sdk-go-v2/internal/v4a v1.4.28/go.mod h1:oTdbDr+BMs7gAYrNpD0LDTyqQfv6yOYgTDv46+xbwFY=
github.com/aws/aws-sdk-go-v2/internal/v4a v1.4.29 h1:VkE9FuzTQVjBBrnj4+oCdxCLFIz7aqLYKUCjtvxVcOs=
github.com/aws/aws-sdk-go-v2/internal/v4a v1.4.29/go.mod h1:H32Z2Qth9b+9LqjyBsCnozMQ8H2N7YBUDVXwbs0iggg=
github.com/aws/aws-sdk-go-v2/internal/v4a v1.4.30 h1:VTGy885W5DKBxWRUJbym9hytNaYzsyaPkCHGRRMAOhU=
github.com/aws/aws-sdk-go-v2/internal/v4a v1.4.30/go.mod h1:AS0HycUvJRFvTt613AYDOgO2jzw+00cVSMny8XB3yMY=
github.com/aws/aws-sdk-go-v2/internal/v4a v1.4.31 h1:3GUprIsfmGcC5SACIyB0e7E0BM1O1b3Erl5CePYIAeQ=
github.com/aws/aws-sdk-go-v2/internal/v4a v1.4.31/go.mod h1:7PuV1yl5e2xnUbm+RqvVg5i2iBM8EyijZNoI9wsOoOc=
github.com/aws/aws-sdk-go-v2/service/internal/accept-encoding v1.13.9 h1:FLudkZLt5ci0ozzgkVo8BJGwvqNaZbTWb3UcucAateA=
github.com/aws/aws-sdk-go-v2/service/internal/accept-encoding v1.13.9/go.mod h1:w7wZ/s9qK7c8g4al+UyoF1Sp/Z45UwMGcqIzLWVQHWk=
github.com/aws/aws-sdk-go-v2/service/internal/accept-encoding v1.13.10 h1:d5/908OJ4bXg8lyjeMPvXetEKqoDoLi5Owy1zNue3yg=
github.com/aws/aws-sdk-go-v2/service/internal/accept-encoding v1.13.10/go.mod h1:a57l7Hwh+FWI+we50g5NPJHYUKeJKfXbc4w8SyXu8Ig=
github.com/aws/aws-sdk-go-v2/service/internal/accept-encoding v1.13.11 h1:rFSsqDfCMPAmG70JOsYqFZCHXkyatoGa1K4YEt/BggQ=
github.com/aws/aws-sdk-go-v2/service/internal/accept-encoding v1.13.11/go.mod h1:XG68qW+YLLFH0vnSDCou43Cgj5TeAG83O5NRSJgt04Y=
github.com/aws/aws-sdk-go-v2/service/internal/accept-encoding v1.13.12 h1:ZD2+BSw9vFsNlKYIasSNt3uDbjqqXIBcM13UJv/Lx2k=
github.com/aws/aws-sdk-go-v2/service/internal/accept-encoding v1.13.12/go.mod h1:Ms4zlcVBbXbiP7EVLhl+lgjvA/a7YphqQ3Ih3174EmI=
github.com/aws/aws-sdk-go-v2/service/internal/accept-encoding v1.13.13 h1:mbRIur/BiHK6SKPjoBIXSE/hJ6g6JGRLuxQy1jGjlN4=
github.com/aws/aws-sdk-go-v2/service/internal/accept-encoding v1.13.13/go.mod h1:ITg9em2KbJx1s0y4aqRX5OYWG6HBZ5TVR//OdpEZ2CQ=
github.com/aws/aws-sdk-go-v2/service/internal/presigned-url v1.13.23 h1:pbrxO/kuIwgEsOPLkaHu0O+m4fNgLU8B3vxQ+72jTPw=
github.com/aws/aws-sdk-go-v2/service/internal/presigned-url v1.13.23/go.mod h1:/CMNUqoj46HpS3MNRDEDIwcgEnrtZlKRaHNaHxIFpNA=
github.com/aws/aws-sdk-go-v2/service/internal/presigned-url v1.13.24 h1:CQW2FTrflfoslYWLf3fv7vG28Q219+v8YJS5QTQb2+Y=
github.com/aws/aws-sdk-go-v2/service/internal/presigned-url v1.13.24/go.mod h1:Xfx13T+u3nH6EEzgl9fBSO6nDRmze1FvnZNYkctQ2zw=
github.com/aws/aws-sdk-go-v2/service/internal/presigned-url v1.13.25 h1:dD3dhHNglpd98gs72my22Ndqi1hqQGllFFg1F+twfxg=
github.com/aws/aws-sdk-go-v2/service/internal/presigned-url v1.13.25/go.mod h1:0yAbjPfd64gG7mj85RW+fMEYdfBgCRZw8g/oWcL1pjc=
github.com/aws/aws-sdk-go-v2/service/internal/presigned-url v1.13.26 h1:oIRaBVJ2CxT7T61l3JkBCW/rnyh2TFZIRL71MvJTKRI=
github.com/aws/aws-sdk-go-v2/service/internal/presigned-url v1.13.26/go.mod h1:1gCTZPMlqAUSFoFbkl35hKtTpE96WFl7ORvDXmSLpRc=
github.com/aws/aws-sdk-go-v2/service/internal/presigned-url v1.13.27 h1:2/pUo42hhVmQcM21ttZoBOLHQymyUH8qEnZGTIuGBT8=
github.com/aws/aws-sdk-go-v2/service/internal/presigned-url v1.13.27/go.mod h1:p7hwgbwompjCRNTdB3ytlldddNt1rDBgVVMqWEVG1II=
github.com/aws/aws-sdk-go-v2/service/internal/presigned-url v1.13.28 h1:axj4mEDletwKmTm/9jR+DkIMmCfcn5vE4jBMAAN+3Vg=
github.com/aws/aws-sdk-go-v2/service/internal/presigned-url v1.13.28/go.mod h1:3Aaz69M0jqfSHLKqxgolgUBFT4hpwSNc7DzC95orEi8=
github.com/aws/aws-sdk-go-v2/service/internal/presigned-url v1.13.29 h1:DRebniUGZ2MqiiIVmQJ04vIXr918hubdHMnarSLEWyU=
github.com/aws/aws-sdk-go-v2/service/internal/presigned-url v1.13.29/go.mod h1:LfRkPCD8YHDM2E5eTkos2UpwYeZnBcVarTa8L59bJHA=
github.com/aws/aws-sdk-go-v2/service/internal/presigned-url v1.13.30 h1:/Z5jmNrKsSD7EmDjzAPsm/3L9IuOkzaynklJZ1qX7S4=
github.com/aws/aws-sdk-go-v2/service/internal/presigned-url v1.13.30/go.mod h1:lEzEZnOosE7zi8Z6royW1cFJTD9fpab4Ul1SBrllewk=
github.com/aws/aws-sdk-go-v2/service/signin v1.0.11 h1:TdJ+HdzOBhU8+iVAOGUTU63VXopcumCOF1paFulHWZc=
github.com/aws/aws-sdk-go-v2/service/signin v1.0.11/go.mod h1:R82ZRExE/nheo0N+T8zHPcLRTcH8MGsnR3BiVGX0TwI=
github.com/aws/aws-sdk-go-v2/service/signin v1.1.0 h1:yQo3eZ5qFaL1sJWqs1nL6j3yPHA2/R7c6tQ4T+0IO10=
github.com/aws/aws-sdk-go-v2/service/signin v1.1.0/go.mod h1:3Zzou41Qt/ueXfIzHvTEjDNuR5IjCUBVF01SNhrt1e8=
github.com/aws/aws-sdk-go-v2/service/signin v1.1.1 h1:1VwbP3qMNfxUDEXWki4rCE5iA+44VA1lokTz9HasGzw=
github.com/aws/aws-sdk-go-v2/service/signin v1.1.1/go.mod h1:vUtyoSj0OPji3kjIVSc/GlKuWEiL33f/WFxl6dmpy/A=
github.com/aws/aws-sdk-go-v2/service/signin v1.1.2 h1:qwU4CNor4G2gRW3Na24FWOCZSEvr967IAV3D+MXxdE0=
github.com/aws/aws-sdk-go-v2/service/signin v1.1.2/go.mod h1:vwIj2P3URYf7ZtOQkO2iVbAaR8qFhqMv05w3aPPA5XA=
github.com/aws/aws-sdk-go-v2/service/signin v1.1.3 h1:t6U7sowMfOjTeZXtDOtgEJXsoJyX4MDag+sfWGwUM9M=
github.com/aws/aws-sdk-go-v2/service/signin v1.1.3/go.mod h1:WhO1EH3phjFWValQDsExaxncgEWJsHeoTvuyQAj3jwU=
github.com/aws/aws-sdk-go-v2/service/signin v1.1.4 h1:YcpVyIPLCbiypN6KSphijN5fC7DDjX114SqA7prnnxg=
github.com/aws/aws-sdk-go-v2/service/signin v1.1.4/go.mod h1:5ZICS++oFTRPfa1GsBqFDWX/8WamZ/QQOcCzIuU/zLw=
github.com/aws/aws-sdk-go-v2/service/signin v1.1.5 h1:6Xt6Ztjkwdia/7EtEaG7ki/qZUYlCcd7tGUotQed1QE=
github.com/aws/aws-sdk-go-v2/service/signin v1.1.5/go.mod h1:LxYujSTLPRlp2vTtcUO/+1ilrew8ytt6SvQyOgejzFQ=
github.com/aws/aws-sdk-go-v2/service/signin v1.2.0 h1:3nXpRcFwRCW8n7HgO2QGy0Dc20eQNfBuUemGQhpF8m8=
github.com/aws/aws-sdk-go-v2/service/signin v1.2.0/go.mod h1:LxYujSTLPRlp2vTtcUO/+1ilrew8ytt6SvQyOgejzFQ=
github.com/aws/aws-sdk-go-v2/service/signin v1.2.1 h1:BeJmkm5YOZs6lGRGcNoIuLSoTTtGLLCEqlSiRKYodfM=
github.com/aws/aws-sdk-go-v2/service/signin v1.2.1/go.mod h1:LxYujSTLPRlp2vTtcUO/+1ilrew8ytt6SvQyOgejzFQ=
github.com/aws/aws-sdk-go-v2/service/signin v1.2.2 h1:69JEZSDTQ+UNbTWQJCZMmbpQb5sfc79KUt0O7Pyfjmo=
github.com/aws/aws-sdk-go-v2/service/signin v1.2.2/go.mod h1:mxC0nT/C8wMMS97DemZPzvUZxvIt+2Iq+eS3JdFZGgg=
github.com/aws/aws-sdk-go-v2/service/signin v1.3.0 h1:i0+tbB9QBnzL5NrF2WR/zk8q2s+1N+RaDYr2627E8UI=
github.com/aws/aws-sdk-go-v2/service/signin v1.3.0/go.mod h1:mxC0nT/C8wMMS97DemZPzvUZxvIt+2Iq+eS3JdFZGgg=
github.com/aws/aws-sdk-go-v2/service/ssm v1.68.6 h1:0LPJjbSNEDHidGOXa0LfvSVbdn9/GdlJUQTgE0kFpso=
github.com/aws/aws-sdk-go-v2/service/ssm v1.68.6/go.mod h1:SrZAopBP5/lyQ6NBVXKlRp8wPIXhzBCZU98sEozmv8Y=
github.com/aws/aws-sdk-go-v2/service/ssm v1.68.7 h1:mKVjTrV40syRvcLfenT75nY8MTr6Nz3UyXSNxUaANRA=
github.com/aws/aws-sdk-go-v2/service/ssm v1.68.7/go.mod h1:67nfKysKquQ5VKZOPfxI8+0FCa18Vj8Ojy2nKjPHkR4=
github.com/aws/aws-sdk-go-v2/service/ssm v1.68.8 h1:axSvRD15z66sxrG/klxyIvLFyGm+eliWQ4gIYGepABU=
github.com/aws/aws-sdk-go-v2/service/ssm v1.68.8/go.mod h1:gVDv1+RkEzj4FHk1SAfTAjHuQQo0Dxwj/7Uu8VNBgRo=
github.com/aws/aws-sdk-go-v2/service/ssm v1.69.0 h1:j+PH4RgNOMUpdMVF6u7kW/EGP/Yxu2bOjFC1nbg1Exc=
github.com/aws/aws-sdk-go-v2/service/ssm v1.69.0/go.mod h1:HLZdRmN8o4PTJRoIx6fEH+eBe9x8JDajfp6hhw4F9Bo=
github.com/aws/aws-sdk-go-v2/service/ssm v1.69.1 h1:SpBGMGefOnKHkhwfygyPbfYbxdTUfN83bK+SqVJyWs4=
github.com/aws/aws-sdk-go-v2/service/ssm v1.69.1/go.mod h1:XqVRRari2Ds7jlKh/lQyS6nGpnxH6S/JUtUti+F6ezQ=
github.com/aws/aws-sdk-go-v2/service/ssm v1.69.2 h1:1tt+wXv6kWIgHdFd4ehWtBdURIMVYl68ipwljOsR3k4=
github.com/aws/aws-sdk-go-v2/service/ssm v1.69.2/go.mod h1:pDKjBx7WU2Ywh+6vfGjzOPuTJDLgDUpYS/iBWYLUyqc=
github.com/aws/aws-sdk-go-v2/service/ssm v1.69.3 h1:58LjP8cp8UEHA1LG/JZ4fG9SobHE82kLYe46mogbSI4=
github.com/aws/aws-sdk-go-v2/service/ssm v1.69.3/go.mod h1:16Zd02ocSJp68o4r36MQ4Rikf/Ulv4On5qjMpJJf5Mo=
github.com/aws/aws-sdk-go-v2/service/ssm v1.69.4 h1:IL0XMyJNBb2upB7uXQFGpFA59vxU7DulkbTZzT/plFU=
github.com/aws/aws-sdk-go-v2/service/ssm v1.69.4/go.mod h1:16Zd02ocSJp68o4r36MQ4Rikf/Ulv4On5qjMpJJf5Mo=
github.com/aws/aws-sdk-go-v2/service/ssm v1.69.5 h1:fCaC9yP7sthItdHF8VBT3qR42jK1R4g+5IoSvePys7o=
github.com/aws/aws-sdk-go-v2/service/ssm v1.69.5/go.mod h1:xabzRvdbMs3FG9kU5M6RUOuCW6wXDkpdIqoXXNzA1nQ=
github.com/aws/aws-sdk-go-v2/service/ssm v1.70.0 h1:JKxM6AmSmPqcsGXX/urJRBUi9r5Ha54wvGDFKgO4+e4=
github.com/aws/aws-sdk-go-v2/service/ssm v1.70.0/go.mod h1:xabzRvdbMs3FG9kU5M6RUOuCW6wXDkpdIqoXXNzA1nQ=
github.com/aws/aws-sdk-go-v2/service/sso v1.30.17 h1:7byT8HUWrgoRp6sXjxtZwgOKfhss5fW6SkLBtqzgRoE=
github.com/aws/aws-sdk-go-v2/service/sso v1.30.17/go.mod h1:xNWknVi4Ezm1vg1QsB/5EWpAJURq22uqd38U8qKvOJc=
github.com/aws/aws-sdk-go-v2/service/sso v1.30.18 h1:ApLTFdAZfDhZSiY5uskwECKHkSNNF83y2Ru2r7SezWA=
github.com/aws/aws-sdk-go-v2/service/sso v1.30.18/go.mod h1:A9K9qx2l6nK89hp+a350FdGfRkrkH5HdiEjHbiy/Q/c=
github.com/aws/aws-sdk-go-v2/service/sso v1.30.19 h1:N6pIsdFOW1Kd9S4KyFKXdGRBojPPxkP32+uHFWLv4Hc=
github.com/aws/aws-sdk-go-v2/service/sso v1.30.19/go.mod h1:3gt5WJArFooNmyLONS+h/R4J+o86II8du38IgCwj9dE=
github.com/aws/aws-sdk-go-v2/service/sso v1.31.0 h1:cMDUWhi7vlmGFj6rldHofjnAQhLLBWwRvNRbtEoyZo4=
github.com/aws/aws-sdk-go-v2/service/sso v1.31.0/go.mod h1:VfGCm6HLUGwcouY6zjQJd81PoFsb8sfSmKd5QCg9XXc=
github.com/aws/aws-sdk-go-v2/service/sso v1.31.1 h1:TUV8oytPCX1PfVgZn0N8/sPZx7T0YasaMCBHox1erlw=
github.com/aws/aws-sdk-go-v2/service/sso v1.31.1/go.mod h1:tEL1hqCrkgwrDVL04HuLxz1SLUXdh+4kKhWv1pXKeiY=
github.com/aws/aws-sdk-go-v2/service/sso v1.31.2 h1:ySNWu7TPmj5fKFIa1GYvX+Ddxd5ccruqC20aMNuyWDM=
github.com/aws/aws-sdk-go-v2/service/sso v1.31.2/go.mod h1:A+U9luAOwFeB1kseyWCITVg7/NntoPebCFR9pQ4ch9A=
github.com/aws/aws-sdk-go-v2/service/sso v1.31.3 h1:ey1XLTYXb9PcLt4535632o5kCGXNXEhNb620Dqwuylo=
github.com/aws/aws-sdk-go-v2/service/sso v1.31.3/go.mod h1:Lk7PlmoTYryQmyBG0EXqj5BcUbj3whXdU2s3yGI3EAc=
github.com/aws/aws-sdk-go-v2/service/sso v1.31.4 h1:i465b/3c7xJd++pobNIDOggouekCuiWOnB0goQJy+94=
github.com/aws/aws-sdk-go-v2/service/sso v1.31.4/go.mod h1:Lk7PlmoTYryQmyBG0EXqj5BcUbj3whXdU2s3yGI3EAc=
github.com/aws/aws-sdk-go-v2/service/sso v1.31.5 h1:xlK3Tdc8FO7Tq1k0+hL+otF33glj+dE+qeM5iINiDvU=
github.com/aws/aws-sdk-go-v2/service/sso v1.31.5/go.mod h1:u8af9Nqkmqnr96f7v9nHqzZT9XBwbXEkTiqT4ROuJSE=
github.com/aws/aws-sdk-go-v2/service/sso v1.32.0 h1:qjMmry/cBDee1E/2gyvel0uRYCi3mwRZ2hf6N+GAodo=
github.com/aws/aws-sdk-go-v2/service/sso v1.32.0/go.mod h1:u8af9Nqkmqnr96f7v9nHqzZT9XBwbXEkTiqT4ROuJSE=
github.com/aws/aws-sdk-go-v2/service/ssooidc v1.36.0 h1:nDARhv/oF55bcxF7rCI/4PDxOKnVXVWwDuDwCs2I2SQ=
github.com/aws/aws-sdk-go-v2/service/ssooidc v1.36.0/go.mod h1:4vIRDq+CJB2xFAXZ+YgGUTiEft7oAQlhIs71xcSeuVg=
github.com/aws/aws-sdk-go-v2/service/ssooidc v1.36.1 h1:4VD7TIZOGzehrgQ8vDE+1c6BQW4ErZPGY8ohZT5LXEE=
github.com/aws/aws-sdk-go-v2/service/ssooidc v1.36.1/go.mod h1:er0SFJfdV89Rit5hIJu/EXtv+qC2XMnxoksLmcUFkqM=
github.com/aws/aws-sdk-go-v2/service/ssooidc v1.36.2 h1:hc+lBYiiTr8Zk4MTzIsQ92MeDWCIDvWGmzKUWOaBcOg=
github.com/aws/aws-sdk-go-v2/service/ssooidc v1.36.2/go.mod h1:hU6fqB3OJA6/ePheD47LQnxvjYk6br6PtQxs+Q9ojvk=
github.com/aws/aws-sdk-go-v2/service/ssooidc v1.36.3 h1:/pKy3mNES+ppFHf3g/XmI95+f3vdeXnkWYObByoYGAg=
github.com/aws/aws-sdk-go-v2/service/ssooidc v1.36.3/go.mod h1:0z2rhlVAjsYeBzV8fdT4jR23Nq+fYhoJNSJN+4SBlqM=
github.com/aws/aws-sdk-go-v2/service/ssooidc v1.36.4 h1:p9+Fizo2sUB6wI5Yb3K5lmykQAGs5JrKLBV/me6613Y=
github.com/aws/aws-sdk-go-v2/service/ssooidc v1.36.4/go.mod h1:0x10Wy0dVS4Gn552xhHY5th2QdYpfJf44EsfyYGV194=
github.com/aws/aws-sdk-go-v2/service/ssooidc v1.36.5 h1:KSzGGqfk39O+WU3OEyYbx6F7sLDQCqxlOJ+2IksfK6U=
github.com/aws/aws-sdk-go-v2/service/ssooidc v1.36.5/go.mod h1:ATs88lXDeQB6CZOgQ5BIl9JbYS+EsCWUSDyff6L/oVo=
github.com/aws/aws-sdk-go-v2/service/ssooidc v1.36.6 h1:yLr03zQE/5Eu5l3QU0Si+xMbLMbSDF2YXsigqXngs6g=
github.com/aws/aws-sdk-go-v2/service/ssooidc v1.36.6/go.mod h1:Q5N6icH+KJZDLh+ESNwzdv6cZ6vLFF/egy3IOxWhmz4=
github.com/aws/aws-sdk-go-v2/service/ssooidc v1.36.7 h1:xbmJAnBbyYPkTzoCNCF/bpJ6ymQHRdXX1vquYfDIGYk=
github.com/aws/aws-sdk-go-v2/service/ssooidc v1.36.7/go.mod h1:Q5N6icH+KJZDLh+ESNwzdv6cZ6vLFF/egy3IOxWhmz4=
github.com/aws/aws-sdk-go-v2/service/ssooidc v1.36.8 h1:yX1IbiBfC7SdEgDwIGnRaZyPPDRbQPDOJxl8102PcGk=
github.com/aws/aws-sdk-go-v2/service/ssooidc v1.36.8/go.mod h1:DMPWJBjYs6+3+f/qhBFEFPPlQ6NlhWjai3dJNvipJ84=
github.com/aws/aws-sdk-go-v2/service/ssooidc v1.37.0 h1:fpOlDPI55HdszaxapEGk6HsGosOUaM2YPWJpjMgp8UI=
github.com/aws/aws-sdk-go-v2/service/ssooidc v1.37.0/go.mod h1:DMPWJBjYs6+3+f/qhBFEFPPlQ6NlhWjai3dJNvipJ84=
github.com/aws/aws-sdk-go-v2/service/sts v1.42.1 h1:F/M5Y9I3nwr2IEpshZgh1GeHpOItExNM9L1euNuh/fk=
github.com/aws/aws-sdk-go-v2/service/sts v1.42.1/go.mod h1:mTNxImtovCOEEuD65mKW7DCsL+2gjEH+RPEAexAzAio=
github.com/aws/aws-sdk-go-v2/service/sts v1.42.2 h1:XKnxlM4KZH1gktcsh3zSWc7GW4KivEv/OkifmHOhCUY=
github.com/aws/aws-sdk-go-v2/service/sts v1.42.2/go.mod h1:KJYmkQaFB3SUW2j3aBkPsxNmAb4ZsSOvbvCpuxzHJA0=
github.com/aws/aws-sdk-go-v2/service/sts v1.42.3 h1:ErklX/7uhSbkAAeyQD/Y1OoQ9hO3SJXQNEgksORW3Js=
github.com/aws/aws-sdk-go-v2/service/sts v1.42.3/go.mod h1:ULe4HCzfKPiR6R3HEurE3b1upEkuk8AkMrOKtaOxKO8=
github.com/aws/aws-sdk-go-v2/service/sts v1.43.0 h1:HN43uYvF8D2NtaPTeE4L3HMvXgd+RtqEqrea4uUztkM=
github.com/aws/aws-sdk-go-v2/service/sts v1.43.0/go.mod h1:qzhDlfw1BRYyoNofevemNzrlRpUXa0BJamWx7klrR8w=
github.com/aws/aws-sdk-go-v2/service/sts v1.43.1 h1:r/vUkpLilfCA3sxbRnkHbJejaoVHEdj4FEhv+Zva4DU=
github.com/aws/aws-sdk-go-v2/service/sts v1.43.1/go.mod h1:t01JURC8Fe5M+7R1K0vzIZ2NT04HqvZR+FjlHrHDT2A=
github.com/aws/aws-sdk-go-v2/service/sts v1.43.2 h1:RTO7mmGyedgnNmcPh3yQizNfc6GKoV5iqfdJavuf9vw=
github.com/aws/aws-sdk-go-v2/service/sts v1.43.2/go.mod h1:fBhUZXDin9YYqhcpOMjIcpdik25rVwWyxLdPH1RZd9s=
github.com/aws/aws-sdk-go-v2/service/sts v1.43.3 h1:VrIhKRCSK1umelSgB9RghvA9RTUYeQffyAS5ApXehNI=
github.com/aws/aws-sdk-go-v2/service/sts v1.43.3/go.mod h1:r8wkDOuLaaMFqFiYAb8dGY2A3gJCOujMc6CFOVC4Zhc=
github.com/aws/aws-sdk-go-v2/service/sts v1.43.4 h1:Np0vmL7op0Zs5xGacYMMX3v5O5pvZ46xhb5LwDgPj8M=
github.com/aws/aws-sdk-go-v2/service/sts v1.43.4/go.mod h1:r8wkDOuLaaMFqFiYAb8dGY2A3gJCOujMc6CFOVC4Zhc=
github.com/aws/aws-sdk-go-v2/service/sts v1.43.5 h1:T3ANO8QWDbzQD8f4+UaX+fvJlyGnOFMKLbW+NGBHg04=
github.com/aws/aws-sdk-go-v2/service/sts v1.43.5/go.mod h1:9gdl4RrflIdpDb2TlXshWgR1F9TeCkvqDx77Vpr4Z/Q=
github.com/aws/aws-sdk-go-v2/service/sts v1.44.0 h1:bLZ0PolJ8J+HkJHztcXORUpHXBye2U8298lCEMi6ZCU=
github.com/aws/aws-sdk-go-v2/service/sts v1.44.0/go.mod h1:9gdl4RrflIdpDb2TlXshWgR1F9TeCkvqDx77Vpr4Z/Q=
github.com/aws/smithy-go v1.25.1 h1:J8ERsGSU7d+aCmdQur5Txg6bVoYelvQJgtZehD12GkI=
github.com/aws/smithy-go v1.25.1/go.mod h1:YE2RhdIuDbA5E5bTdciG9KrW3+TiEONeUWCqxX9i1Fc=
github.com/aws/smithy-go v1.26.0 h1:9ouqbi+NyKP7fV3Te7UElCwdAb6Y8uk7LGwPE5tVe/s=
github.com/aws/smithy-go v1.26.0/go.mod h1:YE2RhdIuDbA5E5bTdciG9KrW3+TiEONeUWCqxX9i1Fc=
github.com/aws/smithy-go v1.27.0 h1:ZoFioDKJxkSIW2otF9T0aPtNlUwhdVCcuZh/rzH9Hus=
github.com/aws/smithy-go v1.27.0/go.mod h1:YE2RhdIuDbA5E5bTdciG9KrW3+TiEONeUWCqxX9i1Fc=
github.com/aws/smithy-go v1.27.1 h1:4T340VFndXtADGF52gYa1POyL7s9E4Z1OeZ1hCscIw8=
github.com/aws/smithy-go v1.27.1/go.mod h1:YE2RhdIuDbA5E5bTdciG9KrW3+TiEONeUWCqxX9i1Fc=
github.com/aws/smithy-go v1.27.3 h1:F3Zb497UhhskkfpJmfkXswyo+t0sh9OTBnIHjogWbVY=
github.com/aws/smithy-go v1.27.3/go.mod h1:YE2RhdIuDbA5E5bTdciG9KrW3+TiEONeUWCqxX9i1Fc=
github.com/bwmarrin/discordgo v0.29.0 h1:FmWeXFaKUwrcL3Cx65c20bTRW+vOb6k8AnaP+EgjDno=
github.com/bwmarrin/discordgo v0.29.0/go.mod h1:NJZpH+1AfhIcyQsPeuBKsUtYrRnjkyu0kIVMCHkZtRY=
github.com/chromedp/cdproto v0.0.0-20250429231605-6ed5b53462d4 h1:UZdrvid2JFwnvPlUSEFlE794XZL4Jmrj8fuxfcLECJE=
github.com/chromedp/cdproto v0.0.0-20250429231605-6ed5b53462d4/go.mod h1:NItd7aLkcfOA/dcMXvl8p1u+lQqioRMq/SqDp71Pb/k=
github.com/chromedp/chromedp v0.13.6 h1:xlNunMyzS5bu3r/QKrb3fzX6ow3WBQ6oao+J65PGZxk=
github.com/chromedp/chromedp v0.13.6/go.mod h1:h8GPP6ZtLMLsU8zFbTcb7ZDGCvCy8j/vRoFmRltQx9A=
github.com/chromedp/sysutil v1.1.0 h1:PUFNv5EcprjqXZD9nJb9b/c9ibAbxiYo4exNWZyipwM=
github.com/chromedp/sysutil v1.1.0/go.mod h1:WiThHUdltqCNKGc4gaU50XgYjwjYIhKWoHGPTUfWTJ8=
github.com/davecgh/go-spew v1.1.2-0.20180830191138-d8f796af33cc h1:U9qPSI2PIWSS1VwoXQT9A3Wy9MM3WgvqSxFWenqJduM=
github.com/davecgh/go-spew v1.1.2-0.20180830191138-d8f796af33cc/go.mod h1:J7Y8YcW2NihsgmVo/mv3lAwl/skON4iLHjSsI+c5H38=
github.com/disgoorg/disgo v0.19.3 h1:kCfez2nkyXZCxQoaspvZbRNOuOIHWjOMjIhuZ6XOxUw=
github.com/disgoorg/disgo v0.19.3/go.mod h1:NnV63iw4lJdF1fnV0gX27XR43ZgRGqnL122svRMTgTE=
github.com/disgoorg/disgo v0.19.4 h1:Jz7UHte4bOGESNbNIbPhZCdX9iJw5PHU7Fu2Afdi+bY=
github.com/disgoorg/disgo v0.19.4/go.mod h1:NnV63iw4lJdF1fnV0gX27XR43ZgRGqnL122svRMTgTE=
github.com/disgoorg/disgo v0.19.5 h1:KeEbNVfFl6VLp5Vit266VtQnrdYCUV+wIDWSEia8Ziw=
github.com/disgoorg/disgo v0.19.5/go.mod h1:NnV63iw4lJdF1fnV0gX27XR43ZgRGqnL122svRMTgTE=
github.com/disgoorg/disgo v0.19.6 h1:1xJQt6KZgiqvBOnjuziG1gE4Iqd0aJn8DNfE6eE+0qw=
github.com/disgoorg/disgo v0.19.6/go.mod h1:NnV63iw4lJdF1fnV0gX27XR43ZgRGqnL122svRMTgTE=
github.com/disgoorg/godave v0.1.0 h1:3g0Zqzz+zNaxQTVLfCnl5eZKGqZk6cM/JLLbMKCtZQQ=
github.com/disgoorg/godave v0.1.0/go.mod h1:OreAC3hpabr39bMVA+jwOVDq1EUPXH5A0XUBiZaDI1Y=
github.com/disgoorg/json/v2 v2.0.0 h1:U16yy/ARK7/aEpzjjqK1b/KaqqGHozUdeVw/DViEzQI=
github.com/disgoorg/json/v2 v2.0.0/go.mod h1:jZTBC0nIE1WeetSEI3/Dka8g+qglb4FPVmp5I5HpEfI=
github.com/disgoorg/omit v1.0.0 h1:y0LkVUOyUHT8ZlnhIAeOZEA22UYykeysK8bLJ0SfT78=
github.com/disgoorg/omit v1.0.0/go.mod h1:RTmSARkf6PWT/UckwI0bV8XgWkWQoPppaT01rYKLcFQ=
github.com/disgoorg/snowflake/v2 v2.0.3 h1:3B+PpFjr7j4ad7oeJu4RlQ+nYOTadsKapJIzgvSI2Ro=
github.com/disgoorg/snowflake/v2 v2.0.3/go.mod h1:W6r7NUA7DwfZLwr00km6G4UnZ0zcoLBRufhkFWgAc4c=
github.com/duckdb/duckdb-go-bindings v0.1.21 h1:bOb/MXNT4PN5JBZ7wpNg6hrj9+cuDjWDa4ee9UdbVyI=
github.com/duckdb/duckdb-go-bindings v0.1.21/go.mod h1:pBnfviMzANT/9hi4bg+zW4ykRZZPCXlVuvBWEcZofkc=
github.com/duckdb/duckdb-go-bindings/darwin-amd64 v0.1.21 h1:Sjjhf2F/zCjPF53c2VXOSKk0PzieMriSoyr5wfvr9d8=
github.com/duckdb/duckdb-go-bindings/darwin-amd64 v0.1.21/go.mod h1:Ezo7IbAfB8NP7CqPIN8XEHKUg5xdRRQhcPPlCXImXYA=
github.com/duckdb/duckdb-go-bindings/darwin-arm64 v0.1.21 h1:IUk0FFUB6dpWLhlN9hY1mmdPX7Hkn3QpyrAmn8pmS8g=
github.com/duckdb/duckdb-go-bindings/darwin-arm64 v0.1.21/go.mod h1:eS7m/mLnPQgVF4za1+xTyorKRBuK0/BA44Oy6DgrGXI=
github.com/duckdb/duckdb-go-bindings/linux-amd64 v0.1.21 h1:Qpc7ZE3n6Nwz30KTvaAwI6nGkXjXmMxBTdFpC8zDEYI=
github.com/duckdb/duckdb-go-bindings/linux-amd64 v0.1.21/go.mod h1:1GOuk1PixiESxLaCGFhag+oFi7aP+9W8byymRAvunBk=
github.com/duckdb/duckdb-go-bindings/linux-arm64 v0.1.21 h1:eX2DhobAZOgjXkh8lPnKAyrxj8gXd2nm+K71f6KV/mo=
github.com/duckdb/duckdb-go-bindings/linux-arm64 v0.1.21/go.mod h1:o7crKMpT2eOIi5/FY6HPqaXcvieeLSqdXXaXbruGX7w=
github.com/duckdb/duckdb-go-bindings/windows-amd64 v0.1.21 h1:hhziFnGV7mpA+v5J5G2JnYQ+UWCCP3NQ+OTvxFX10D8=
github.com/duckdb/duckdb-go-bindings/windows-amd64 v0.1.21/go.mod h1:IlOhJdVKUJCAPj3QsDszUo8DVdvp1nBFp4TUJVdw99s=
github.com/frankban/quicktest v1.14.6 h1:7Xjx+VpznH+oBnejlPUj8oUpdxnVs4f8XU8WnHkI4W8=
github.com/frankban/quicktest v1.14.6/go.mod h1:4ptaffx2x8+WTWXmUCuVU6aPUX1/Mz7zb5vbUoiM6w0=
github.com/fsnotify/fsnotify v1.9.0 h1:2Ml+OJNzbYCTzsxtv8vKSFD9PbJjmhYF14k/jKC7S9k=
github.com/fsnotify/fsnotify v1.9.0/go.mod h1:8jBTzvmWwFyi3Pb8djgCCO5IBqzKJ/Jwo8TRcHyHii0=
github.com/go-echarts/go-echarts/v2 v2.7.2 h1:lhypL1CekgqaLHM5V7fBPfaYGfimJ9dGylkk65aWlNI=
github.com/go-echarts/go-echarts/v2 v2.7.2/go.mod h1:Z+spPygZRIEyqod69r0WMnkN5RV3MwhYDtw601w3G8w=
github.com/go-echarts/snapshot-chromedp v0.0.5 h1:5I6/DjY86X8izeAup6auddLXJjxxeuAuuUAOewCi5vg=
github.com/go-echarts/snapshot-chromedp v0.0.5/go.mod h1:E7ugvjSUoFjFi2CpACHK79QxH/R7HCuoqV8UC54LhrI=
github.com/go-json-experiment/json v0.0.0-20250417205406-170dfdcf87d1 h1:+VexzzkMLb1tnvpuQdGT/DicIRW7MN8ozsXqBMgp0Hk=
github.com/go-json-experiment/json v0.0.0-20250417205406-170dfdcf87d1/go.mod h1:TiCD2a1pcmjd7YnhGH0f/zKNcCD06B029pHhzV23c2M=
github.com/go-viper/encoding/ini v0.1.1 h1:MVWY7B2XNw7lnOqHutGRc97bF3rP7omOdgjdMPAJgbs=
github.com/go-viper/encoding/ini v0.1.1/go.mod h1:Pfi4M2V1eAGJVZ5q6FrkHPhtHED2YgLlXhvgMVrB+YQ=
github.com/go-viper/mapstructure/v2 v2.4.0 h1:EBsztssimR/CONLSZZ04E8qAkxNYq4Qp9LvH92wZUgs=
github.com/go-viper/mapstructure/v2 v2.4.0/go.mod h1:oJDH3BJKyqBA2TXFhDsKDGDTlndYOZ6rGS0BRZIxGhM=
github.com/gobwas/httphead v0.1.0 h1:exrUm0f4YX0L7EBwZHuCF4GDp8aJfVeBrlLQrs6NqWU=
github.com/gobwas/httphead v0.1.0/go.mod h1:O/RXo79gxV8G+RqlR/otEwx4Q36zl9rqC5u12GKvMCM=
github.com/gobwas/pool v0.2.1 h1:xfeeEhW7pwmX8nuLVlqbzVc7udMDrwetjEv+TZIz1og=
github.com/gobwas/pool v0.2.1/go.mod h1:q8bcK0KcYlCgd9e7WYLm9LpyS+YeLd8JVDW6WezmKEw=
github.com/gobwas/ws v1.4.0 h1:CTaoG1tojrh4ucGPcoJFiAQUAsEWekEWvLy7GsVNqGs=
github.com/gobwas/ws v1.4.0/go.mod h1:G3gNqMNtPppf5XUz7O4shetPpcZ1VJ7zt18dlUeakrc=
github.com/goccy/go-json v0.10.5 h1:Fq85nIqj+gXn/S5ahsiTlK3TmC85qgirsdTP/+DeaC4=
github.com/goccy/go-json v0.10.5/go.mod h1:oq7eo15ShAhp70Anwd5lgX2pLfOS3QCiwU/PULtXL6M=
github.com/golang/snappy v1.0.0 h1:Oy607GVXHs7RtbggtPBnr2RmDArIsAefDwvrdWvRhGs=
github.com/golang/snappy v1.0.0/go.mod h1:/XxbfmMg8lxefKM7IXC3fBNl/7bRcc72aCRzEWrmP2Q=
github.com/google/flatbuffers v25.2.10+incompatible h1:F3vclr7C3HpB1k9mxCGRMXq6FdUalZ6H/pNX4FP1v0Q=
github.com/google/flatbuffers v25.2.10+incompatible/go.mod h1:1AeVuKshWv4vARoZatz6mlQ0JxURH0Kv5+zNeJKJCa8=
github.com/google/go-cmp v0.7.0 h1:wk8382ETsv4JYUZwIsn6YpYiWiBsYLSJiTsyBybVuN8=
github.com/google/go-cmp v0.7.0/go.mod h1:pXiqmnSA92OHEEa9HXL2W4E7lf9JzCmGVUdgjX3N/iU=
github.com/google/uuid v1.6.0 h1:NIvaJDMOsjHA8n1jAhLSgzrAzy1Hgr+hNrb57e+94F0=
github.com/google/uuid v1.6.0/go.mod h1:TIyPZe4MgqvfeYDBFedMoGGpEw/LqOeaOT+nhxU+yHo=
github.com/gorilla/websocket v1.4.2/go.mod h1:YR8l580nyteQvAITg2hZ9XVh4b55+EU/adAjf1fMHhE=
github.com/gorilla/websocket v1.5.3 h1:saDtZ6Pbx/0u+bgYQ3q96pZgCzfhKXGPqt7kZ72aNNg=
github.com/gorilla/websocket v1.5.3/go.mod h1:YR8l580nyteQvAITg2hZ9XVh4b55+EU/adAjf1fMHhE=
github.com/joho/godotenv v1.5.1 h1:7eLL/+HRGLY0ldzfGMeQkb7vMd0as4CfYvUVzLqw0N0=
github.com/joho/godotenv v1.5.1/go.mod h1:f4LDr5Voq0i2e/R5DDNOoa2zzDfwtkZa6DnEwAbqwq4=
github.com/klauspost/asmfmt v1.3.2 h1:4Ri7ox3EwapiOjCki+hw14RyKk201CN4rzyCJRFLpK4=
github.com/klauspost/asmfmt v1.3.2/go.mod h1:AG8TuvYojzulgDAMCnYn50l/5QV3Bs/tp6j0HLHbNSE=
github.com/klauspost/compress v1.18.4 h1:RPhnKRAQ4Fh8zU2FY/6ZFDwTVTxgJ/EMydqSTzE9a2c=
github.com/klauspost/compress v1.18.4/go.mod h1:R0h/fSBs8DE4ENlcrlib3PsXS61voFxhIs2DeRhCvJ4=
github.com/klauspost/cpuid/v2 v2.3.0 h1:S4CRMLnYUhGeDFDqkGriYKdfoFlDnMtqTiI/sFzhA9Y=
github.com/klauspost/cpuid/v2 v2.3.0/go.mod h1:hqwkgyIinND0mEev00jJYCxPNVRVXFQeu1XKlok6oO0=
github.com/kr/pretty v0.3.1 h1:flRD4NNwYAUpkphVc1HcthR4KEIFJ65n8Mw5qdRn3LE=
github.com/kr/pretty v0.3.1/go.mod h1:hoEshYVHaxMs3cyo3Yncou5ZscifuDolrwPKZanG3xk=
github.com/kr/text v0.2.0 h1:5Nx0Ya0ZqY2ygV366QzturHI13Jq95ApcVaJBhpS+AY=
github.com/kr/text v0.2.0/go.mod h1:eLer722TekiGuMkidMxC/pM04lWEeraHUUmBw8l2grE=
github.com/ledongthuc/pdf v0.0.0-20220302134840-0c2507a12d80 h1:6Yzfa6GP0rIo/kULo2bwGEkFvCePZ3qHDDTC3/J9Swo=
github.com/ledongthuc/pdf v0.0.0-20220302134840-0c2507a12d80/go.mod h1:imJHygn/1yfhB7XSJJKlFZKl/J+dCPAknuiaGOshXAs=
github.com/marcboeker/go-duckdb/arrowmapping v0.0.21 h1:geHnVjlsAJGczSWEqYigy/7ARuD+eBtjd0kLN80SPJQ=
github.com/marcboeker/go-duckdb/arrowmapping v0.0.21/go.mod h1:flFTc9MSqQCh2Xm62RYvG3Kyj29h7OtsTb6zUx1CdK8=
github.com/marcboeker/go-duckdb/mapping v0.0.21 h1:6woNXZn8EfYdc9Vbv0qR6acnt0TM1s1eFqnrJZVrqEs=
github.com/marcboeker/go-duckdb/mapping v0.0.21/go.mod h1:q3smhpLyv2yfgkQd7gGHMd+H/Z905y+WYIUjrl29vT4=
github.com/marcboeker/go-duckdb/v2 v2.4.3 h1:bHUkphPsAp2Bh/VFEdiprGpUekxBNZiWWtK+Bv/ljRk=
github.com/marcboeker/go-duckdb/v2 v2.4.3/go.mod h1:taim9Hktg2igHdNBmg5vgTfHAlV26z3gBI0QXQOcuyI=
github.com/minio/asm2plan9s v0.0.0-20200509001527-cdd76441f9d8 h1:AMFGa4R4MiIpspGNG7Z948v4n35fFGB3RR3G/ry4FWs=
github.com/minio/asm2plan9s v0.0.0-20200509001527-cdd76441f9d8/go.mod h1:mC1jAcsrzbxHt8iiaC+zU4b1ylILSosueou12R++wfY=
github.com/minio/c2goasm v0.0.0-20190812172519-36a3d3bbc4f3 h1:+n/aFZefKZp7spd8DFdX7uMikMLXX4oubIzJF4kv/wI=
github.com/minio/c2goasm v0.0.0-20190812172519-36a3d3bbc4f3/go.mod h1:RagcQ7I8IeTMnF8JTXieKnO4Z6JCsikNEzj0DwauVzE=
github.com/orisano/pixelmatch v0.0.0-20220722002657-fb0b55479cde h1:x0TT0RDC7UhAVbbWWBzr41ElhJx5tXPWkIHA2HWPRuw=
github.com/orisano/pixelmatch v0.0.0-20220722002657-fb0b55479cde/go.mod h1:nZgzbfBr3hhjoZnS66nKrHmduYNpc34ny7RK4z5/HM0=
github.com/pelletier/go-toml/v2 v2.2.4 h1:mye9XuhQ6gvn5h28+VilKrrPoQVanw5PMw/TB0t5Ec4=
github.com/pelletier/go-toml/v2 v2.2.4/go.mod h1:2gIqNv+qfxSVS7cM2xJQKtLSTLUE9V8t9Stt+h56mCY=
github.com/pierrec/lz4/v4 v4.1.22 h1:cKFw6uJDK+/gfw5BcDL0JL5aBsAFdsIT18eRtLj7VIU=
github.com/pierrec/lz4/v4 v4.1.22/go.mod h1:gZWDp/Ze/IJXGXf23ltt2EXimqmTUXEy0GFuRQyBid4=
github.com/pmezard/go-difflib v1.0.1-0.20181226105442-5d4384ee4fb2 h1:Jamvg5psRIccs7FGNTlIRMkT8wgtp5eCXdBlqhYGL6U=
github.com/pmezard/go-difflib v1.0.1-0.20181226105442-5d4384ee4fb2/go.mod h1:iKH77koFhYxTK1pcRnkKkqfTogsbg7gZNVY4sRDYZ/4=
github.com/rogpeppe/go-internal v1.10.0 h1:TMyTOH3F/DB16zRVcYyreMH6GnZZrwQVAoYjRBZyWFQ=
github.com/rogpeppe/go-internal v1.10.0/go.mod h1:UQnix2H7Ngw/k4C5ijL5+65zddjncjaFoBhdsK/akog=
github.com/sagikazarmark/locafero v0.9.0 h1:GbgQGNtTrEmddYDSAH9QLRyfAHY12md+8YFTqyMTC9k=
github.com/sagikazarmark/locafero v0.9.0/go.mod h1:UBUyz37V+EdMS3hDF3QWIiVr/2dPrx49OMO0Bn0hJqk=
github.com/sasha-s/go-csync v0.0.0-20240107134140-fcbab37b09ad h1:qIQkSlF5vAUHxEmTbaqt1hkJ/t6skqEGYiMag343ucI=
github.com/sasha-s/go-csync v0.0.0-20240107134140-fcbab37b09ad/go.mod h1:/pA7k3zsXKdjjAiUhB5CjuKib9KJGCaLvZwtxGC8U0s=
github.com/sourcegraph/conc v0.3.0 h1:OQTbbt6P72L20UqAkXXuLOj79LfEanQ+YQFNpLA9ySo=
github.com/sourcegraph/conc v0.3.0/go.mod h1:Sdozi7LEKbFPqYX2/J+iBAM6HpqSLTASQIKqDmF7Mt0=
github.com/spf13/afero v1.14.0 h1:9tH6MapGnn/j0eb0yIXiLjERO8RB6xIVZRDCX7PtqWA=
github.com/spf13/afero v1.14.0/go.mod h1:acJQ8t0ohCGuMN3O+Pv0V0hgMxNYDlvdk+VTfyZmbYo=
github.com/spf13/cast v1.8.0 h1:gEN9K4b8Xws4EX0+a0reLmhq8moKn7ntRlQYgjPeCDk=
github.com/spf13/cast v1.8.0/go.mod h1:ancEpBxwJDODSW/UG4rDrAqiKolqNNh2DX3mk86cAdo=
github.com/spf13/pflag v1.0.6 h1:jFzHGLGAlb3ruxLB8MhbI6A8+AQX/2eW4qeyNZXNp2o=
github.com/spf13/pflag v1.0.6/go.mod h1:McXfInJRrz4CZXVZOBLb0bTZqETkiAhM9Iw0y3An2Bg=
github.com/spf13/viper v1.20.1 h1:ZMi+z/lvLyPSCoNtFCpqjy0S4kPbirhpTMwl8BkW9X4=
github.com/spf13/viper v1.20.1/go.mod h1:P9Mdzt1zoHIG8m2eZQinpiBjo6kCmZSKBClNNqjJvu4=
github.com/stollenaar/aws-rotating-credentials-provider/credentials v0.0.0-20250330204128-299effe6093c h1:gwFAG/SzOQIuSrP5YT0pmx5/0SYMsTpZ2zbGbpl0vHk=
github.com/stollenaar/aws-rotating-credentials-provider/credentials v0.0.0-20250330204128-299effe6093c/go.mod h1:Onw6S0Wpft407KHcyMwU8hD9O7W9ODnP8y7GB0l/N8k=
github.com/stretchr/testify v1.11.1 h1:7s2iGBzp5EwR7/aIZr8ao5+dra3wiQyKjjFuvgVKu7U=
github.com/stretchr/testify v1.11.1/go.mod h1:wZwfW3scLgRK+23gO65QZefKpKQRnfz6sD981Nm4B6U=
github.com/subosito/gotenv v1.6.0 h1:9NlTDc1FTs4qu0DDq7AEtTPNw6SVm7uBMsUCUjABIf8=
github.com/subosito/gotenv v1.6.0/go.mod h1:Dk4QP5c2W3ibzajGcXpNraDfq2IrhjMIvMSWPKKo0FU=
github.com/zeebo/assert v1.3.0 h1:g7C04CbJuIDKNPFHmsk4hwZDO5O+kntRxzaUoNXj+IQ=
github.com/zeebo/assert v1.3.0/go.mod h1:Pq9JiuJQpG8JLJdtkwrJESF0Foym2/D9XMU5ciN/wJ0=
github.com/zeebo/xxh3 v1.0.2 h1:xZmwmqxHZA8AI603jOQ0tMqmBr9lPeFwGg6d+xy9DC0=
github.com/zeebo/xxh3 v1.0.2/go.mod h1:5NWz9Sef7zIDm2JHfFlcQvNekmcEl9ekUZQQKCYaDcA=
go.uber.org/multierr v1.11.0 h1:blXXJkSxSSfBVBlC76pxqeO+LN3aDfLQo+309xJstO0=
go.uber.org/multierr v1.11.0/go.mod h1:20+QtiLqy0Nd6FdQB9TLXag12DsQkrbs3htMFfDN80Y=
golang.org/x/crypto v0.0.0-20210421170649-83a5a9bb288b/go.mod h1:T9bdIzuCu7OtxOm1hfPfRQxPLYneinmdGuTeoZ9dtd4=
golang.org/x/crypto v0.50.0 h1:zO47/JPrL6vsNkINmLoo/PH1gcxpls50DNogFvB5ZGI=
golang.org/x/crypto v0.50.0/go.mod h1:3muZ7vA7PBCE6xgPX7nkzzjiUq87kRItoJQM1Yo8S+Q=
golang.org/x/exp v0.0.0-20250408133849-7e4ce0ab07d0 h1:R84qjqJb5nVJMxqWYb3np9L5ZsaDtB+a39EqjV0JSUM=
golang.org/x/exp v0.0.0-20250408133849-7e4ce0ab07d0/go.mod h1:S9Xr4PYopiDyqSyp5NjCrhFrqg6A5zA2E/iPHPhqnS8=
golang.org/x/mod v0.35.0 h1:Ww1D637e6Pg+Zb2KrWfHQUnH2dQRLBQyAtpr/haaJeM=
golang.org/x/mod v0.35.0/go.mod h1:+GwiRhIInF8wPm+4AoT6L0FA1QWAad3OMdTRx4tFYlU=
golang.org/x/mod v0.36.0 h1:JJjpVx6myfUsUdAzZuOSTTmRE0PfZeNWzzvKrP7amb4=
golang.org/x/mod v0.36.0/go.mod h1:moc6ELqsWcOw5Ef3xVprK5ul/MvtVvkIXLziUOICjUQ=
golang.org/x/mod v0.37.0 h1:vF1DjpVEshcIqoEaauuHebaLk1O1forxjxBaVn884JQ=
golang.org/x/mod v0.37.0/go.mod h1:m8S8VeM9r4dzDwjrKO0a1sZP3YjeMamRRlD+fmR2Q/0=
golang.org/x/net v0.0.0-20210226172049-e18ecbb05110/go.mod h1:m0MpNAwzfU5UDzcl9v0D8zg8gWTRqZa9RBIspLL5mdg=
golang.org/x/sync v0.20.0 h1:e0PTpb7pjO8GAtTs2dQ6jYa5BWYlMuX047Dco/pItO4=
golang.org/x/sync v0.20.0/go.mod h1:9xrNwdLfx4jkKbNva9FpL6vEN7evnE43NNNJQ2LF3+0=
golang.org/x/sync v0.21.0 h1:HLII4xRRTtCRkxYp4HNFF0Js/Og6q2i++KXbg0gHCwM=
golang.org/x/sync v0.21.0/go.mod h1:9xrNwdLfx4jkKbNva9FpL6vEN7evnE43NNNJQ2LF3+0=
golang.org/x/sys v0.0.0-20201119102817-f84b799fce68/go.mod h1:h1NjWce9XRLGQEsW7wpKNCjG9DtNlClVuFLEZdDNbEs=
golang.org/x/sys v0.6.0/go.mod h1:oPkhp1MJrh7nUepCBck5+mAzfO9JrbApNNgaTdGDITg=
golang.org/x/sys v0.43.0 h1:Rlag2XtaFTxp19wS8MXlJwTvoh8ArU6ezoyFsMyCTNI=
golang.org/x/sys v0.43.0/go.mod h1:4GL1E5IUh+htKOUEOaiffhrAeqysfVGipDYzABqnCmw=
golang.org/x/sys v0.44.0 h1:ildZl3J4uzeKP07r2F++Op7E9B29JRUy+a27EibtBTQ=
golang.org/x/sys v0.44.0/go.mod h1:4GL1E5IUh+htKOUEOaiffhrAeqysfVGipDYzABqnCmw=
golang.org/x/sys v0.46.0 h1:noSf2Fq6F8DBgS+LysIkx7rIExoNHJsxOAtPp4rthXw=
golang.org/x/sys v0.46.0/go.mod h1:4GL1E5IUh+htKOUEOaiffhrAeqysfVGipDYzABqnCmw=
golang.org/x/telemetry v0.0.0-20260409153401-be6f6cb8b1fa h1:efT73AJZfAAUV7SOip6pWGkwJDzIGiKBZGVzHYa+ve4=
golang.org/x/telemetry v0.0.0-20260409153401-be6f6cb8b1fa/go.mod h1:kHjTxDEnAu6/Nl9lDkzjWpR+bmKfxeiRuSDlsMb70gE=
golang.org/x/telemetry v0.0.0-20260508192327-42602be52be6 h1:HjU6IWBiAgRIdAJ9/y1rwCn+UELEmwV+VsTLzj/W4sE=
golang.org/x/telemetry v0.0.0-20260508192327-42602be52be6/go.mod h1:Eqhaxk/wZsWEH8CRxLwj6xzEJbz7k1EFGqx7nyCoabE=
golang.org/x/telemetry v0.0.0-20260625142307-59b4966ccb57 h1:nwGZBCt+FnXUrGsj5vjzAsEmkcaFvd82BbOjECiFYZc=
golang.org/x/telemetry v0.0.0-20260625142307-59b4966ccb57/go.mod h1:3AWMyWHS+caVoiEXpiq6+tzKA40J4vQT3MYr80ZtQpc=
golang.org/x/term v0.0.0-20201126162022-7de9c90e9dd1/go.mod h1:bj7SfCRtBDWHUb9snDiAeCFNEtKQo2Wmx5Cou7ajbmo=
golang.org/x/text v0.3.3/go.mod h1:5Zoc/QRtKVWzQhOtBMvqHzDpF6irO9z98xDceosuGiQ=
golang.org/x/text v0.37.0 h1:Cqjiwd9eSg8e0QAkyCaQTNHFIIzWtidPahFWR83rTrc=
golang.org/x/text v0.37.0/go.mod h1:a5sjxXGs9hsn/AJVwuElvCAo9v8QYLzvavO5z2PiM38=
golang.org/x/text v0.38.0 h1:sXmwo9DwP3OK9EZ7PqAdaooSGozfl/3a6/xJcbzPRhE=
golang.org/x/text v0.38.0/go.mod h1:YXZt3QhHUKYT53r2lLKFIVi6Ao1jdzrTR/KQ09qyxF4=
golang.org/x/text v0.39.0 h1:UbZz4pLOvn600D6Oh6GGEI6VAmndrEBLv8/6BEXzyus=
golang.org/x/text v0.39.0/go.mod h1:3UwRclnC2g0TU9x8PZiyfOajCd1zaUNHF9cvqcQZ+ZM=
golang.org/x/tools v0.0.0-20180917221912-90fa682c2a6e/go.mod h1:n7NCudcB/nEzxVGmLbDWY5pfWTLqBcC2KZ6jyYvM4mQ=
golang.org/x/tools v0.44.0 h1:UP4ajHPIcuMjT1GqzDWRlalUEoY+uzoZKnhOjbIPD2c=
golang.org/x/tools v0.44.0/go.mod h1:KA0AfVErSdxRZIsOVipbv3rQhVXTnlU6UhKxHd1seDI=
golang.org/x/tools v0.45.0 h1:18qN3FAooORvApf5XjCXgsuayZOEtXf6JK18I3+ONa8=
golang.org/x/tools v0.45.0/go.mod h1:LuUGqqaXcXMEFEruIVJVm5mgDD8vww/z/SR1gQ4uE/0=
golang.org/x/tools v0.47.0 h1:7Kn5x/d1svx/PzryTsqeoZN4TZwqeH5pGWjefhLi/1Q=
golang.org/x/tools v0.47.0/go.mod h1:dFHnyTvFWY212G+h7ZY4Vsp/K3U4/7W9TyVaAul8uCA=
golang.org/x/xerrors v0.0.0-20240903120638-7835f813f4da h1:noIWHXmPHxILtqtCOPIhSt0ABwskkZKjD3bXGnZGpNY=
golang.org/x/xerrors v0.0.0-20240903120638-7835f813f4da/go.mod h1:NDW/Ps6MPRej6fsCIbMTohpP40sJ/P/vI1MoTEGwX90=
gonum.org/v1/gonum v0.16.0 h1:5+ul4Swaf3ESvrOnidPp4GZbzf0mxVQpDCYUQE7OJfk=
gonum.org/v1/gonum v0.16.0/go.mod h1:fef3am4MQ93R2HHpKnLk4/Tbh/s0+wqD5nfa6Pnwy4E=
gopkg.in/check.v1 v0.0.0-20161208181325-20d25e280405/go.mod h1:Co6ibVJAznAaIkqp8huTwlJQCZ016jof/cbN4VW5Yz0=
gopkg.in/check.v1 v1.0.0-20201130134442-10cb98267c6c h1:Hei/4ADfdWqJk1ZMxUNpqntNwaWcugrBjAiHlqqRiVk=
gopkg.in/check.v1 v1.0.0-20201130134442-10cb98267c6c/go.mod h1:JHkPIbrfpd72SG/EVd6muEfDQjcINNoR0C8j2r3qZ4Q=
gopkg.in/ini.v1 v1.67.0 h1:Dgnx+6+nfE+IfzjUEISNeydPJh9AXNNsWbGP9KzCsOA=
gopkg.in/ini.v1 v1.67.0/go.mod h1:pNLf8WUiyNEtQjuu5G5vTm06TEv9tsIgeAvK8hOrP4k=
gopkg.in/yaml.v3 v3.0.1 h1:fxVm/GzAzEWqLHuvctI91KS9hhNmmWOoWu0XTYJS7CA=
gopkg.in/yaml.v3 v3.0.1/go.mod h1:K4uyk7z7BCEPqu6E+C64Yfv1cQ7kz7rIZviUmN+EgEM=
