github.com/andybalholm/brotli v1.1.1 h1:PR2pgnyFznKEugtsUo0xLdDop5SKXd5Qf5ysW+7XdTA=
github.com/andybalholm/brotli v1.1.1/go.mod h1:05ib4cKhjx3OQYUY22hTVd34Bc8upXjOLL2rKwwZBoA=
github.com/apache/arrow-go/v18 v18.2.0 h1:QhWqpgZMKfWOniGPhbUxrHohWnooGURqL2R2Gg4SO1Q=
github.com/apache/arrow-go/v18 v18.2.0/go.mod h1:Ic/01WSwGJWRrdAZcxjBZ5hbApNJ28K96jGYaxzzGUc=
github.com/apache/thrift v0.21.0 h1:tdPmh/ptjE1IJnhbhrcl2++TauVjy242rkV/UzJChnE=
github.com/apache/thrift v0.21.0/go.mod h1:W1H8aR/QRtYNvrPeFXBtobyRkd0/YVhTc6i07XIAgDw=
github.com/aws/aws-sdk-go-v2 v1.36.5 h1:0OF9RiEMEdDdZEMqF9MRjevyxAQcf6gY+E7vwBILFj0=
github.com/aws/aws-sdk-go-v2 v1.36.5/go.mod h1:EYrzvCCN9CMUTa5+6lf6MM4tq3Zjp8UhSGR/cBsjai0=
github.com/aws/aws-sdk-go-v2/config v1.29.17 h1:jSuiQ5jEe4SAMH6lLRMY9OVC+TqJLP5655pBGjmnjr0=
github.com/aws/aws-sdk-go-v2/config v1.29.17/go.mod h1:9P4wwACpbeXs9Pm9w1QTh6BwWwJjwYvJ1iCt5QbCXh8=
github.com/aws/aws-sdk-go-v2/credentials v1.17.70 h1:ONnH5CM16RTXRkS8Z1qg7/s2eDOhHhaXVd72mmyv4/0=
github.com/aws/aws-sdk-go-v2/credentials v1.17.70/go.mod h1:M+lWhhmomVGgtuPOhO85u4pEa3SmssPTdcYpP/5J/xc=
github.com/aws/aws-sdk-go-v2/feature/ec2/imds v1.16.32 h1:KAXP9JSHO1vKGCr5f4O6WmlVKLFFXgWYAGoJosorxzU=
github.com/aws/aws-sdk-go-v2/feature/ec2/imds v1.16.32/go.mod h1:h4Sg6FQdexC1yYG9RDnOvLbW1a/P986++/Y/a+GyEM8=
github.com/aws/aws-sdk-go-v2/internal/configsources v1.3.36 h1:SsytQyTMHMDPspp+spo7XwXTP44aJZZAC7fBV2C5+5s=
github.com/aws/aws-sdk-go-v2/internal/configsources v1.3.36/go.mod h1:Q1lnJArKRXkenyog6+Y+zr7WDpk4e6XlR6gs20bbeNo=
github.com/aws/aws-sdk-go-v2/internal/endpoints/v2 v2.6.36 h1:i2vNHQiXUvKhs3quBR6aqlgJaiaexz/aNvdCktW/kAM=
github.com/aws/aws-sdk-go-v2/internal/endpoints/v2 v2.6.36/go.mod h1:UdyGa7Q91id/sdyHPwth+043HhmP6yP9MBHgbZM0xo8=
github.com/aws/aws-sdk-go-v2/internal/ini v1.8.3 h1:bIqFDwgGXXN1Kpp99pDOdKMTTb5d2KyU5X/BZxjOkRo=
github.com/aws/aws-sdk-go-v2/internal/ini v1.8.3/go.mod h1:H5O/EsxDWyU+LP/V8i5sm8cxoZgc2fdNR9bxlOFrQTo=
github.com/aws/aws-sdk-go-v2/service/internal/accept-encoding v1.12.4 h1:CXV68E2dNqhuynZJPB80bhPQwAKqBWVer887figW6Jc=
github.com/aws/aws-sdk-go-v2/service/internal/accept-encoding v1.12.4/go.mod h1:/xFi9KtvBXP97ppCz1TAEvU1Uf66qvid89rbem3wCzQ=
github.com/aws/aws-sdk-go-v2/service/internal/presigned-url v1.12.17 h1:t0E6FzREdtCsiLIoLCWsYliNsRBgyGD/MCK571qk4MI=
github.com/aws/aws-sdk-go-v2/service/internal/presigned-url v1.12.17/go.mod h1:ygpklyoaypuyDvOM5ujWGrYWpAK3h7ugnmKCU/76Ys4=
github.com/aws/aws-sdk-go-v2/service/ssm v1.60.0 h1:YuMspnzt8uHda7a6A/29WCbjMJygyiyTvq480lnsScQ=
github.com/aws/aws-sdk-go-v2/service/ssm v1.60.0/go.mod h1:IyVabkWrs8SNdOEZLyFFcW9bUltV4G6OQS0s6H20PHg=
github.com/aws/aws-sdk-go-v2/service/sso v1.25.5 h1:AIRJ3lfb2w/1/8wOOSqYb9fUKGwQbtysJ2H1MofRUPg=
github.com/aws/aws-sdk-go-v2/service/sso v1.25.5/go.mod h1:b7SiVprpU+iGazDUqvRSLf5XmCdn+JtT1on7uNL6Ipc=
github.com/aws/aws-sdk-go-v2/service/ssooidc v1.30.3 h1:BpOxT3yhLwSJ77qIY3DoHAQjZsc4HEGfMCE4NGy3uFg=
github.com/aws/aws-sdk-go-v2/service/ssooidc v1.30.3/go.mod h1:vq/GQR1gOFLquZMSrxUK/cpvKCNVYibNyJ1m7JrU88E=
github.com/aws/aws-sdk-go-v2/service/sts v1.34.0 h1:NFOJ/NXEGV4Rq//71Hs1jC/NvPs1ezajK+yQmkwnPV0=
github.com/aws/aws-sdk-go-v2/service/sts v1.34.0/go.mod h1:7ph2tGpfQvwzgistp2+zga9f+bCjlQJPkPUmMgDSD7w=
github.com/aws/smithy-go v1.22.4 h1:uqXzVZNuNexwc/xrh6Tb56u89WDlJY6HS+KC0S4QSjw=
github.com/aws/smithy-go v1.22.4/go.mod h1:t1ufH5HMublsJYulve2RKmHDC15xu1f26kHCp/HgceI=
github.com/bwmarrin/discordgo v0.29.0 h1:FmWeXFaKUwrcL3Cx65c20bTRW+vOb6k8AnaP+EgjDno=
github.com/bwmarrin/discordgo v0.29.0/go.mod h1:NJZpH+1AfhIcyQsPeuBKsUtYrRnjkyu0kIVMCHkZtRY=
github.com/chromedp/cdproto v0.0.0-20250429231605-6ed5b53462d4 h1:UZdrvid2JFwnvPlUSEFlE794XZL4Jmrj8fuxfcLECJE=
github.com/chromedp/cdproto v0.0.0-20250429231605-6ed5b53462d4/go.mod h1:NItd7aLkcfOA/dcMXvl8p1u+lQqioRMq/SqDp71Pb/k=
github.com/chromedp/chromedp v0.13.6 h1:xlNunMyzS5bu3r/QKrb3fzX6ow3WBQ6oao+J65PGZxk=
github.com/chromedp/chromedp v0.13.6/go.mod h1:h8GPP6ZtLMLsU8zFbTcb7ZDGCvCy8j/vRoFmRltQx9A=
github.com/chromedp/sysutil v1.1.0 h1:PUFNv5EcprjqXZD9nJb9b/c9ibAbxiYo4exNWZyipwM=
github.com/chromedp/sysutil v1.1.0/go.mod h1:WiThHUdltqCNKGc4gaU50XgYjwjYIhKWoHGPTUfWTJ8=
github.com/davecgh/go-spew v1.1.1 h1:vj9j/u1bqnvCEfJOwUhtlOARqs3+rkHYY13jYWTU97c=
github.com/davecgh/go-spew v1.1.1/go.mod h1:J7Y8YcW2NihsgmVo/mv3lAwl/skON4iLHjSsI+c5H38=
github.com/duckdb/duckdb-go-bindings v0.1.16 h1:XPCk9hzP06PoWIxDPVU3gAy0m1XmLaZHTzLggNx/U9k=
github.com/duckdb/duckdb-go-bindings v0.1.16/go.mod h1:pBnfviMzANT/9hi4bg+zW4ykRZZPCXlVuvBWEcZofkc=
github.com/duckdb/duckdb-go-bindings v0.1.17 h1:SjpRwrJ7v0vqnIvLeVFHlhuS72+Lp8xxQ5jIER2LZP4=
github.com/duckdb/duckdb-go-bindings v0.1.17/go.mod h1:pBnfviMzANT/9hi4bg+zW4ykRZZPCXlVuvBWEcZofkc=
github.com/duckdb/duckdb-go-bindings/darwin-amd64 v0.1.11 h1:GXQkG4HmEbwPtqCSabJTp9wZQQ7Gqr3KveLNesQWQOs=
github.com/duckdb/duckdb-go-bindings/darwin-amd64 v0.1.11/go.mod h1:Ezo7IbAfB8NP7CqPIN8XEHKUg5xdRRQhcPPlCXImXYA=
github.com/duckdb/duckdb-go-bindings/darwin-amd64 v0.1.12 h1:8CLBnsq9YDhi2Gmt3sjSUeXxMzyMQAKefjqUy9zVPFk=
github.com/duckdb/duckdb-go-bindings/darwin-amd64 v0.1.12/go.mod h1:Ezo7IbAfB8NP7CqPIN8XEHKUg5xdRRQhcPPlCXImXYA=
github.com/duckdb/duckdb-go-bindings/darwin-arm64 v0.1.11 h1:ATJMSBIDA/YAm/6CKeBDRtGK1OOwqfTZbWg9Y5fAc9E=
github.com/duckdb/duckdb-go-bindings/darwin-arm64 v0.1.11/go.mod h1:eS7m/mLnPQgVF4za1+xTyorKRBuK0/BA44Oy6DgrGXI=
github.com/duckdb/duckdb-go-bindings/darwin-arm64 v0.1.12 h1:wjO4I0GhMh2xIpiUgRpzuyOT4KxXLoUS/rjU7UUVvCE=
github.com/duckdb/duckdb-go-bindings/darwin-arm64 v0.1.12/go.mod h1:eS7m/mLnPQgVF4za1+xTyorKRBuK0/BA44Oy6DgrGXI=
github.com/duckdb/duckdb-go-bindings/linux-amd64 v0.1.11 h1:AjvnGst1avyOECYiykthyHR4DTYTaqNDPr5W/0t5j0k=
github.com/duckdb/duckdb-go-bindings/linux-amd64 v0.1.11/go.mod h1:1GOuk1PixiESxLaCGFhag+oFi7aP+9W8byymRAvunBk=
github.com/duckdb/duckdb-go-bindings/linux-amd64 v0.1.12 h1:HzKQi2C+1jzmwANsPuYH6x9Sfw62SQTjNAEq3OySKFI=
github.com/duckdb/duckdb-go-bindings/linux-amd64 v0.1.12/go.mod h1:1GOuk1PixiESxLaCGFhag+oFi7aP+9W8byymRAvunBk=
github.com/duckdb/duckdb-go-bindings/linux-arm64 v0.1.11 h1:j3B1biawuhtxe2Chkiqcwf1Kxe8VJc8lLVmjBIcJrkI=
github.com/duckdb/duckdb-go-bindings/linux-arm64 v0.1.11/go.mod h1:o7crKMpT2eOIi5/FY6HPqaXcvieeLSqdXXaXbruGX7w=
github.com/duckdb/duckdb-go-bindings/linux-arm64 v0.1.12 h1:YGSR7AFLw2gJ7IbgLE6DkKYmgKv1LaRSd/ZKF1yh2oE=
github.com/duckdb/duckdb-go-bindings/linux-arm64 v0.1.12/go.mod h1:o7crKMpT2eOIi5/FY6HPqaXcvieeLSqdXXaXbruGX7w=
github.com/duckdb/duckdb-go-bindings/windows-amd64 v0.1.11 h1:xR3vRE8y+48U6xDNkUlOfbl7/OTA7FVcDXJ+5vETuHU=
github.com/duckdb/duckdb-go-bindings/windows-amd64 v0.1.11/go.mod h1:IlOhJdVKUJCAPj3QsDszUo8DVdvp1nBFp4TUJVdw99s=
github.com/duckdb/duckdb-go-bindings/windows-amd64 v0.1.12 h1:2aduW6fnFnT2Q45PlIgHbatsPOxV9WSZ5B2HzFfxaxA=
github.com/duckdb/duckdb-go-bindings/windows-amd64 v0.1.12/go.mod h1:IlOhJdVKUJCAPj3QsDszUo8DVdvp1nBFp4TUJVdw99s=
github.com/frankban/quicktest v1.14.6 h1:7Xjx+VpznH+oBnejlPUj8oUpdxnVs4f8XU8WnHkI4W8=
github.com/frankban/quicktest v1.14.6/go.mod h1:4ptaffx2x8+WTWXmUCuVU6aPUX1/Mz7zb5vbUoiM6w0=
github.com/fsnotify/fsnotify v1.9.0 h1:2Ml+OJNzbYCTzsxtv8vKSFD9PbJjmhYF14k/jKC7S9k=
github.com/fsnotify/fsnotify v1.9.0/go.mod h1:8jBTzvmWwFyi3Pb8djgCCO5IBqzKJ/Jwo8TRcHyHii0=
github.com/go-echarts/go-echarts/v2 v2.6.0 h1:4wEquGT/I7lipHnOCh/z3qa8E4dY0SYFdEEnaTzzzvU=
github.com/go-echarts/go-echarts/v2 v2.6.0/go.mod h1:56YlvzhW/a+du15f3S2qUGNDfKnFOeJSThBIrVFHDtI=
github.com/go-echarts/snapshot-chromedp v0.0.5 h1:5I6/DjY86X8izeAup6auddLXJjxxeuAuuUAOewCi5vg=
github.com/go-echarts/snapshot-chromedp v0.0.5/go.mod h1:E7ugvjSUoFjFi2CpACHK79QxH/R7HCuoqV8UC54LhrI=
github.com/go-json-experiment/json v0.0.0-20250417205406-170dfdcf87d1 h1:+VexzzkMLb1tnvpuQdGT/DicIRW7MN8ozsXqBMgp0Hk=
github.com/go-json-experiment/json v0.0.0-20250417205406-170dfdcf87d1/go.mod h1:TiCD2a1pcmjd7YnhGH0f/zKNcCD06B029pHhzV23c2M=
github.com/go-viper/encoding/ini v0.1.1 h1:MVWY7B2XNw7lnOqHutGRc97bF3rP7omOdgjdMPAJgbs=
github.com/go-viper/encoding/ini v0.1.1/go.mod h1:Pfi4M2V1eAGJVZ5q6FrkHPhtHED2YgLlXhvgMVrB+YQ=
github.com/go-viper/mapstructure/v2 v2.2.1 h1:ZAaOCxANMuZx5RCeg0mBdEZk7DZasvvZIxtHqx8aGss=
github.com/go-viper/mapstructure/v2 v2.2.1/go.mod h1:oJDH3BJKyqBA2TXFhDsKDGDTlndYOZ6rGS0BRZIxGhM=
github.com/gobwas/httphead v0.1.0 h1:exrUm0f4YX0L7EBwZHuCF4GDp8aJfVeBrlLQrs6NqWU=
github.com/gobwas/httphead v0.1.0/go.mod h1:O/RXo79gxV8G+RqlR/otEwx4Q36zl9rqC5u12GKvMCM=
github.com/gobwas/pool v0.2.1 h1:xfeeEhW7pwmX8nuLVlqbzVc7udMDrwetjEv+TZIz1og=
github.com/gobwas/pool v0.2.1/go.mod h1:q8bcK0KcYlCgd9e7WYLm9LpyS+YeLd8JVDW6WezmKEw=
github.com/gobwas/ws v1.4.0 h1:CTaoG1tojrh4ucGPcoJFiAQUAsEWekEWvLy7GsVNqGs=
github.com/gobwas/ws v1.4.0/go.mod h1:G3gNqMNtPppf5XUz7O4shetPpcZ1VJ7zt18dlUeakrc=
github.com/goccy/go-json v0.10.5 h1:Fq85nIqj+gXn/S5ahsiTlK3TmC85qgirsdTP/+DeaC4=
github.com/goccy/go-json v0.10.5/go.mod h1:oq7eo15ShAhp70Anwd5lgX2pLfOS3QCiwU/PULtXL6M=
github.com/golang/snappy v0.0.4 h1:yAGX7huGHXlcLOEtBnF4w7FQwA26wojNCwOYAEhLjQM=
github.com/golang/snappy v0.0.4/go.mod h1:/XxbfmMg8lxefKM7IXC3fBNl/7bRcc72aCRzEWrmP2Q=
github.com/google/flatbuffers v25.2.10+incompatible h1:F3vclr7C3HpB1k9mxCGRMXq6FdUalZ6H/pNX4FP1v0Q=
github.com/google/flatbuffers v25.2.10+incompatible/go.mod h1:1AeVuKshWv4vARoZatz6mlQ0JxURH0Kv5+zNeJKJCa8=
github.com/google/go-cmp v0.6.0 h1:ofyhxvXcZhMsU5ulbFiLKl/XBFqE1GSq7atu8tAmTRI=
github.com/google/go-cmp v0.6.0/go.mod h1:17dUlkBOakJ0+DkrSSNjCkIjxS6bF9zb3elmeNGIjoY=
github.com/google/uuid v1.6.0 h1:NIvaJDMOsjHA8n1jAhLSgzrAzy1Hgr+hNrb57e+94F0=
github.com/google/uuid v1.6.0/go.mod h1:TIyPZe4MgqvfeYDBFedMoGGpEw/LqOeaOT+nhxU+yHo=
github.com/gorilla/websocket v1.4.2/go.mod h1:YR8l580nyteQvAITg2hZ9XVh4b55+EU/adAjf1fMHhE=
github.com/gorilla/websocket v1.5.3 h1:saDtZ6Pbx/0u+bgYQ3q96pZgCzfhKXGPqt7kZ72aNNg=
github.com/gorilla/websocket v1.5.3/go.mod h1:YR8l580nyteQvAITg2hZ9XVh4b55+EU/adAjf1fMHhE=
github.com/joho/godotenv v1.5.1 h1:7eLL/+HRGLY0ldzfGMeQkb7vMd0as4CfYvUVzLqw0N0=
github.com/joho/godotenv v1.5.1/go.mod h1:f4LDr5Voq0i2e/R5DDNOoa2zzDfwtkZa6DnEwAbqwq4=
github.com/klauspost/asmfmt v1.3.2 h1:4Ri7ox3EwapiOjCki+hw14RyKk201CN4rzyCJRFLpK4=
github.com/klauspost/asmfmt v1.3.2/go.mod h1:AG8TuvYojzulgDAMCnYn50l/5QV3Bs/tp6j0HLHbNSE=
github.com/klauspost/compress v1.18.0 h1:c/Cqfb0r+Yi+JtIEq73FWXVkRonBlf0CRNYc8Zttxdo=
github.com/klauspost/compress v1.18.0/go.mod h1:2Pp+KzxcywXVXMr50+X0Q/Lsb43OQHYWRCY2AiWywWQ=
github.com/klauspost/cpuid/v2 v2.2.10 h1:tBs3QSyvjDyFTq3uoc/9xFpCuOsJQFNPiAhYdw2skhE=
github.com/klauspost/cpuid/v2 v2.2.10/go.mod h1:hqwkgyIinND0mEev00jJYCxPNVRVXFQeu1XKlok6oO0=
github.com/kr/pretty v0.3.1 h1:flRD4NNwYAUpkphVc1HcthR4KEIFJ65n8Mw5qdRn3LE=
github.com/kr/pretty v0.3.1/go.mod h1:hoEshYVHaxMs3cyo3Yncou5ZscifuDolrwPKZanG3xk=
github.com/kr/text v0.2.0 h1:5Nx0Ya0ZqY2ygV366QzturHI13Jq95ApcVaJBhpS+AY=
github.com/kr/text v0.2.0/go.mod h1:eLer722TekiGuMkidMxC/pM04lWEeraHUUmBw8l2grE=
github.com/ledongthuc/pdf v0.0.0-20220302134840-0c2507a12d80 h1:6Yzfa6GP0rIo/kULo2bwGEkFvCePZ3qHDDTC3/J9Swo=
github.com/ledongthuc/pdf v0.0.0-20220302134840-0c2507a12d80/go.mod h1:imJHygn/1yfhB7XSJJKlFZKl/J+dCPAknuiaGOshXAs=
github.com/marcboeker/go-duckdb v1.8.5 h1:tkYp+TANippy0DaIOP5OEfBEwbUINqiFqgwMQ44jME0=
github.com/marcboeker/go-duckdb v1.8.5/go.mod h1:6mK7+WQE4P4u5AFLvVBmhFxY5fvhymFptghgJX6B+/8=
github.com/marcboeker/go-duckdb/arrowmapping v0.0.9 h1:xj+kFOqR2gH3Mcxx9LmAVHebSnCiPm303N+uxfkWVmY=
github.com/marcboeker/go-duckdb/arrowmapping v0.0.9/go.mod h1:o56AqVS90v5bpxhPnOK9La7AfNTOrMORiqTQrlRbdPQ=
github.com/marcboeker/go-duckdb/arrowmapping v0.0.10 h1:G1W+GVnUefR8uy7jHdNO+CRMsmFG5mFPIHVAespfFCA=
github.com/marcboeker/go-duckdb/arrowmapping v0.0.10/go.mod h1:jccUb8TYD0p5TsEEeN4SXuslNJHo23QaKOqKD+U6uFU=
github.com/marcboeker/go-duckdb/mapping v0.0.10 h1:b/y2W8/hNlD0Dwjq0mCqIlLXpjQMnWy0WqDV9b9lHQQ=
github.com/marcboeker/go-duckdb/mapping v0.0.10/go.mod h1:Ro6Tw6sGG50O8S0daZsA8TrQJz/DvGrzGvMD7Jihirw=
github.com/marcboeker/go-duckdb/mapping v0.0.11 h1:fusN1b1l7Myxafifp596I6dNLNhN5Uv/rw31qAqBwqw=
github.com/marcboeker/go-duckdb/mapping v0.0.11/go.mod h1:aYBjFLgfKO0aJIbDtXPiaL5/avRQISveX/j9tMf9JhU=
github.com/marcboeker/go-duckdb/v2 v2.3.2 h1:96zG2JPyIhCFjHdBjjSpOdhzJzehoGTdl7LskkuMUTs=
github.com/marcboeker/go-duckdb/v2 v2.3.2/go.mod h1:VeXz9ZM6klNvICHrXEUzaHSgNqBeTdyMxr4CICw/UaY=
github.com/marcboeker/go-duckdb/v2 v2.3.3 h1:PQhWS1vLtotByrXmUg6YqmTS59WPJEqlCPhp464ZGUU=
github.com/marcboeker/go-duckdb/v2 v2.3.3/go.mod h1:RZgwGE22rly6aWbqO8lsfYjMvNuMd3YoTroWxL37H9E=
github.com/minio/asm2plan9s v0.0.0-20200509001527-cdd76441f9d8 h1:AMFGa4R4MiIpspGNG7Z948v4n35fFGB3RR3G/ry4FWs=
github.com/minio/asm2plan9s v0.0.0-20200509001527-cdd76441f9d8/go.mod h1:mC1jAcsrzbxHt8iiaC+zU4b1ylILSosueou12R++wfY=
github.com/minio/c2goasm v0.0.0-20190812172519-36a3d3bbc4f3 h1:+n/aFZefKZp7spd8DFdX7uMikMLXX4oubIzJF4kv/wI=
github.com/minio/c2goasm v0.0.0-20190812172519-36a3d3bbc4f3/go.mod h1:RagcQ7I8IeTMnF8JTXieKnO4Z6JCsikNEzj0DwauVzE=
github.com/orisano/pixelmatch v0.0.0-20220722002657-fb0b55479cde h1:x0TT0RDC7UhAVbbWWBzr41ElhJx5tXPWkIHA2HWPRuw=
github.com/orisano/pixelmatch v0.0.0-20220722002657-fb0b55479cde/go.mod h1:nZgzbfBr3hhjoZnS66nKrHmduYNpc34ny7RK4z5/HM0=
github.com/pelletier/go-toml/v2 v2.2.4 h1:mye9XuhQ6gvn5h28+VilKrrPoQVanw5PMw/TB0t5Ec4=
github.com/pelletier/go-toml/v2 v2.2.4/go.mod h1:2gIqNv+qfxSVS7cM2xJQKtLSTLUE9V8t9Stt+h56mCY=
github.com/pierrec/lz4/v4 v4.1.22 h1:cKFw6uJDK+/gfw5BcDL0JL5aBsAFdsIT18eRtLj7VIU=
github.com/pierrec/lz4/v4 v4.1.22/go.mod h1:gZWDp/Ze/IJXGXf23ltt2EXimqmTUXEy0GFuRQyBid4=
github.com/pmezard/go-difflib v1.0.0 h1:4DBwDE0NGyQoBHbLQYPwSUPoCMWR5BEzIk/f1lZbAQM=
github.com/pmezard/go-difflib v1.0.0/go.mod h1:iKH77koFhYxTK1pcRnkKkqfTogsbg7gZNVY4sRDYZ/4=
github.com/rogpeppe/go-internal v1.14.1 h1:UQB4HGPB6osV0SQTLymcB4TgvyWu6ZyliaW0tI/otEQ=
github.com/rogpeppe/go-internal v1.14.1/go.mod h1:MaRKkUm5W0goXpeCfT7UZI6fk/L7L7so1lCWt35ZSgc=
github.com/sagikazarmark/locafero v0.9.0 h1:GbgQGNtTrEmddYDSAH9QLRyfAHY12md+8YFTqyMTC9k=
github.com/sagikazarmark/locafero v0.9.0/go.mod h1:UBUyz37V+EdMS3hDF3QWIiVr/2dPrx49OMO0Bn0hJqk=
github.com/sourcegraph/conc v0.3.0 h1:OQTbbt6P72L20UqAkXXuLOj79LfEanQ+YQFNpLA9ySo=
github.com/sourcegraph/conc v0.3.0/go.mod h1:Sdozi7LEKbFPqYX2/J+iBAM6HpqSLTASQIKqDmF7Mt0=
github.com/spf13/afero v1.14.0 h1:9tH6MapGnn/j0eb0yIXiLjERO8RB6xIVZRDCX7PtqWA=
github.com/spf13/afero v1.14.0/go.mod h1:acJQ8t0ohCGuMN3O+Pv0V0hgMxNYDlvdk+VTfyZmbYo=
github.com/spf13/cast v1.8.0 h1:gEN9K4b8Xws4EX0+a0reLmhq8moKn7ntRlQYgjPeCDk=
github.com/spf13/cast v1.8.0/go.mod h1:ancEpBxwJDODSW/UG4rDrAqiKolqNNh2DX3mk86cAdo=
github.com/spf13/pflag v1.0.6 h1:jFzHGLGAlb3ruxLB8MhbI6A8+AQX/2eW4qeyNZXNp2o=
github.com/spf13/pflag v1.0.6/go.mod h1:McXfInJRrz4CZXVZOBLb0bTZqETkiAhM9Iw0y3An2Bg=
github.com/spf13/viper v1.20.1 h1:ZMi+z/lvLyPSCoNtFCpqjy0S4kPbirhpTMwl8BkW9X4=
github.com/spf13/viper v1.20.1/go.mod h1:P9Mdzt1zoHIG8m2eZQinpiBjo6kCmZSKBClNNqjJvu4=
github.com/stollenaar/aws-rotating-credentials-provider/credentials v0.0.0-20250330204128-299effe6093c h1:gwFAG/SzOQIuSrP5YT0pmx5/0SYMsTpZ2zbGbpl0vHk=
github.com/stollenaar/aws-rotating-credentials-provider/credentials v0.0.0-20250330204128-299effe6093c/go.mod h1:Onw6S0Wpft407KHcyMwU8hD9O7W9ODnP8y7GB0l/N8k=
github.com/stollenaar/statisticsbot/internal/database v0.0.0-20250707185728-300d464a625b h1:14o7xyJGjPI9+gUnqaRM+N+70T2i4yYzg26WNTTm1MA=
github.com/stollenaar/statisticsbot/internal/database v0.0.0-20250707185728-300d464a625b/go.mod h1:kDOQCn8PUpS/wklpM46G+2M7ZchmJkRqkacWtvYXyvw=
github.com/stollenaar/statisticsbot/internal/database v0.0.0-20250707201002-193c775869dd h1:HpYWqxiaKpFIg/wdP9dnTaiAV4cGjPsng/jBEbrig3o=
github.com/stollenaar/statisticsbot/internal/database v0.0.0-20250707201002-193c775869dd/go.mod h1:ygMRGf5uQXFLUgV/OL9ho/I0fYEJYU6ow83cOqFYPCA=
github.com/stollenaar/statisticsbot/internal/database v0.0.0-20250707231519-6f558c195534 h1:bY38J9wprj60iItdSd29L31J1mn+eOrdAivaXnvBQkk=
github.com/stollenaar/statisticsbot/internal/database v0.0.0-20250707231519-6f558c195534/go.mod h1:KmaN+i4gA9HjosnyY3IPi9GcQ3E3qyFy/G54aCb0dHY=
github.com/stollenaar/statisticsbot/internal/database v0.0.0-20250708020608-75d5f1a8cc24 h1:taHJnEpTdnDacsJhlUn1EEPvBFqdlAxMogfqL4WMiZY=
github.com/stollenaar/statisticsbot/internal/database v0.0.0-20250708020608-75d5f1a8cc24/go.mod h1:UFDzZX9I435bWr/dPyuCdZ6doKOeLza+zphnLurcyPQ=
github.com/stollenaar/statisticsbot/internal/database v0.0.0-20250708051437-f02c19a6366f h1:wByEcda9ou3tkZvX5J4Z8QQ7PsTYO/tGzizxTf49AHU=
github.com/stollenaar/statisticsbot/internal/database v0.0.0-20250708051437-f02c19a6366f/go.mod h1:bjIqDlfj2K//0Af6iIPLLC0yLUrHJ7MDNgFCCg4VkA4=
github.com/stollenaar/statisticsbot/internal/database v0.0.0-20250708131411-118fb0c71962 h1:7YFPM/m9NW0S5OIqQMTPAuMlFv8lPg6BVz+YLIz4LV0=
github.com/stollenaar/statisticsbot/internal/database v0.0.0-20250708131411-118fb0c71962/go.mod h1:6dPo2QlCN0QEgbLrnVN/45LZoe5vlh9Xxrqb0xXWPko=
github.com/stollenaar/statisticsbot/internal/database v0.0.0-20250708145418-206d5f87dedb h1:5Zocid6vAUVig+n/4lY2ZTV5PI4Q3dApP+4/5VXFQUI=
github.com/stollenaar/statisticsbot/internal/database v0.0.0-20250708145418-206d5f87dedb/go.mod h1:rtYVv6XjyURAy0pi6agTxWiJXrOx1QQ5c/aEADZKMbo=
github.com/stollenaar/statisticsbot/internal/database v0.0.0-20250708193513-a3244cd11436 h1:lSHQihBCs7QawVg0xaUWXSguS17dT66pWVPeaTc2YIE=
github.com/stollenaar/statisticsbot/internal/database v0.0.0-20250708193513-a3244cd11436/go.mod h1:9eLUOleRHZMai8Nev3YsxUf+Mj1Y1ubIEoGFxY7SxHs=
github.com/stollenaar/statisticsbot/internal/database v0.0.0-20250708225332-9bfa1626d83e h1:/8kQRf6L0eJxdEmu22tF70h/3Z1Uk4o0eahqAacecoI=
github.com/stollenaar/statisticsbot/internal/database v0.0.0-20250708225332-9bfa1626d83e/go.mod h1:pDVYgCoA4gCZ8hS1+dP6L5OBYem9qQuSqFtZUWkq5/Q=
github.com/stollenaar/statisticsbot/internal/database v0.0.0-20250709041512-08b3cfca6298 h1:rSCKqhpafzAGw/5x0oCo3tCMlXGRs6DHZgsvUQoSpis=
github.com/stollenaar/statisticsbot/internal/database v0.0.0-20250709041512-08b3cfca6298/go.mod h1:brxDFnBPURPHkbG50BdueFU+Vqu1pXyOfu9VZ5vxDVU=
github.com/stollenaar/statisticsbot/internal/database v0.0.0-20250709060722-22bd0981b555 h1:6yeVS6jwowq7R5auSUOiKxmwX0w5ekMRqlDM5Rcz1tQ=
github.com/stollenaar/statisticsbot/internal/database v0.0.0-20250709060722-22bd0981b555/go.mod h1:Dw1EXMYhbRTo/Ig5JbRe7YU+uL6Gr5G/NLoz4/OuzIk=
github.com/stollenaar/statisticsbot/internal/database v0.0.0-20250709120314-fe0c6fbae883 h1:FF9wlRd0F/6DpGSaeIY2iqjjih1qwn2pi52894gbL1o=
github.com/stollenaar/statisticsbot/internal/database v0.0.0-20250709120314-fe0c6fbae883/go.mod h1:ih1O3oRe20GS8VI0r4V9zNPzYTM5HQCa3IqQ+RWuf00=
github.com/stollenaar/statisticsbot/internal/database v0.0.0-20250709171506-40397155d696 h1:vSVeMS/UebgXAn7a/T7apFnclQcQgVAr4hVEdc0OkX8=
github.com/stollenaar/statisticsbot/internal/database v0.0.0-20250709171506-40397155d696/go.mod h1:eedLStQOLiVYpp4+kJ7OujV6jNiu/xw/qD+hkv5u4NI=
github.com/stollenaar/statisticsbot/internal/database v0.0.0-20250710000037-3dc3a2efe120 h1:koBI6VHqzzAJFD3nVXb7eLOg/iG8C4+t10ykMLWg2CE=
github.com/stollenaar/statisticsbot/internal/database v0.0.0-20250710000037-3dc3a2efe120/go.mod h1:wBahn91gf6uU+MKpVSu52QZ8dgcef5++/JD/ug32BRg=
github.com/stollenaar/statisticsbot/internal/database v0.0.0-20250710024900-bc6ec0d15066 h1:aUIjA8RY7Vu/WVEJfQPbPmRfIhFSl72X1iIALOhhqp0=
github.com/stollenaar/statisticsbot/internal/database v0.0.0-20250710024900-bc6ec0d15066/go.mod h1:GlKoQS3bQ4JCawafeDlXNGIc4j8Go6qn0M6W0UufK2A=
github.com/stollenaar/statisticsbot/internal/util v0.0.0-20250707185728-300d464a625b h1:fRwV9CcLmuQCCmMVR2M7Q4bZ8+UUKzthsar9zj7FkG8=
github.com/stollenaar/statisticsbot/internal/util v0.0.0-20250707185728-300d464a625b/go.mod h1:Eldt3c48giqJC06vkgnEt/8LoFOZpCJ/sAu79pawf7k=
github.com/stollenaar/statisticsbot/internal/util v0.0.0-20250707201002-193c775869dd h1:d0XGPi949UCu6n0Bffop8GSPxLSZbBMm2Mv69zqyorA=
github.com/stollenaar/statisticsbot/internal/util v0.0.0-20250707201002-193c775869dd/go.mod h1:Eldt3c48giqJC06vkgnEt/8LoFOZpCJ/sAu79pawf7k=
github.com/stollenaar/statisticsbot/internal/util v0.0.0-20250707231519-6f558c195534 h1:365crN+6DFzaZDED6pXVx+Hm0vVHKziQJ/abe1CXUOo=
github.com/stollenaar/statisticsbot/internal/util v0.0.0-20250707231519-6f558c195534/go.mod h1:Eldt3c48giqJC06vkgnEt/8LoFOZpCJ/sAu79pawf7k=
github.com/stollenaar/statisticsbot/internal/util v0.0.0-20250708020608-75d5f1a8cc24 h1:E75GD7cxoOhYXXD59uE7UEqPdFv462TQ1s09CTB1t58=
github.com/stollenaar/statisticsbot/internal/util v0.0.0-20250708020608-75d5f1a8cc24/go.mod h1:Eldt3c48giqJC06vkgnEt/8LoFOZpCJ/sAu79pawf7k=
github.com/stollenaar/statisticsbot/internal/util v0.0.0-20250708051437-f02c19a6366f h1:8V69Lh2NNUW3uU2eBw8Yhs44TmesdG1B6j9w1+sk8rY=
github.com/stollenaar/statisticsbot/internal/util v0.0.0-20250708051437-f02c19a6366f/go.mod h1:Eldt3c48giqJC06vkgnEt/8LoFOZpCJ/sAu79pawf7k=
github.com/stollenaar/statisticsbot/internal/util v0.0.0-20250708131411-118fb0c71962 h1:wYyblr2agK2oWdzBpCaZZeuFZ+Hrofjj/Kkp504x8ME=
github.com/stollenaar/statisticsbot/internal/util v0.0.0-20250708131411-118fb0c71962/go.mod h1:Eldt3c48giqJC06vkgnEt/8LoFOZpCJ/sAu79pawf7k=
github.com/stollenaar/statisticsbot/internal/util v0.0.0-20250708145418-206d5f87dedb h1:rWKAk/3G4BoK8p8Ed8DDz/4XME3FVuBZ4VJ0IjtPQNo=
github.com/stollenaar/statisticsbot/internal/util v0.0.0-20250708145418-206d5f87dedb/go.mod h1:Eldt3c48giqJC06vkgnEt/8LoFOZpCJ/sAu79pawf7k=
github.com/stollenaar/statisticsbot/internal/util v0.0.0-20250708193513-a3244cd11436 h1:Mi1JK1owOwzL/KNOWl2nbjsEFf78Ud9RRahNHh+AVNw=
github.com/stollenaar/statisticsbot/internal/util v0.0.0-20250708193513-a3244cd11436/go.mod h1:Eldt3c48giqJC06vkgnEt/8LoFOZpCJ/sAu79pawf7k=
github.com/stollenaar/statisticsbot/internal/util v0.0.0-20250708225332-9bfa1626d83e h1:MoQXEKZjdhTEUwr4kZxEZ22d4jML0XPXoAEHhLL/FYA=
github.com/stollenaar/statisticsbot/internal/util v0.0.0-20250708225332-9bfa1626d83e/go.mod h1:Eldt3c48giqJC06vkgnEt/8LoFOZpCJ/sAu79pawf7k=
github.com/stollenaar/statisticsbot/internal/util v0.0.0-20250709041512-08b3cfca6298 h1:I0I8idDhbESZopI2VMIFE2IWPPYbndv2jpfFSj26amA=
github.com/stollenaar/statisticsbot/internal/util v0.0.0-20250709041512-08b3cfca6298/go.mod h1:Eldt3c48giqJC06vkgnEt/8LoFOZpCJ/sAu79pawf7k=
github.com/stollenaar/statisticsbot/internal/util v0.0.0-20250709060722-22bd0981b555 h1:XhndsEUhY0GdeXHsEKISLnGxMLT0IVsyn/Ke8gLBToI=
github.com/stollenaar/statisticsbot/internal/util v0.0.0-20250709060722-22bd0981b555/go.mod h1:Eldt3c48giqJC06vkgnEt/8LoFOZpCJ/sAu79pawf7k=
github.com/stollenaar/statisticsbot/internal/util v0.0.0-20250709120314-fe0c6fbae883 h1:SITA0TijxMLISjPh7MzOA5le3rA5CkvWVuoUtrVEOOY=
github.com/stollenaar/statisticsbot/internal/util v0.0.0-20250709120314-fe0c6fbae883/go.mod h1:Eldt3c48giqJC06vkgnEt/8LoFOZpCJ/sAu79pawf7k=
github.com/stollenaar/statisticsbot/internal/util v0.0.0-20250709171506-40397155d696 h1:AKAw+iIxP8luiYLAgPx3WKhmoJgoCSlYyUUGH7K/Tvw=
github.com/stollenaar/statisticsbot/internal/util v0.0.0-20250709171506-40397155d696/go.mod h1:Eldt3c48giqJC06vkgnEt/8LoFOZpCJ/sAu79pawf7k=
github.com/stollenaar/statisticsbot/internal/util v0.0.0-20250710000037-3dc3a2efe120 h1:Ix5SH0+uL/vXzbuYYmYVzkW/FSKz1LkFF/EtIfmbrhc=
github.com/stollenaar/statisticsbot/internal/util v0.0.0-20250710000037-3dc3a2efe120/go.mod h1:Eldt3c48giqJC06vkgnEt/8LoFOZpCJ/sAu79pawf7k=
github.com/stollenaar/statisticsbot/internal/util v0.0.0-20250710024900-bc6ec0d15066 h1:qLFds3weAQob1RPvz3cHxT9l2W5gjRQds8F7K59fa7M=
github.com/stollenaar/statisticsbot/internal/util v0.0.0-20250710024900-bc6ec0d15066/go.mod h1:Eldt3c48giqJC06vkgnEt/8LoFOZpCJ/sAu79pawf7k=
github.com/stretchr/testify v1.10.0 h1:Xv5erBjTwe/5IxqUQTdXv5kgmIvbHo3QQyRwhJsOfJA=
github.com/stretchr/testify v1.10.0/go.mod h1:r2ic/lqez/lEtzL7wO/rwa5dbSLXVDPFyf8C91i36aY=
github.com/subosito/gotenv v1.6.0 h1:9NlTDc1FTs4qu0DDq7AEtTPNw6SVm7uBMsUCUjABIf8=
github.com/subosito/gotenv v1.6.0/go.mod h1:Dk4QP5c2W3ibzajGcXpNraDfq2IrhjMIvMSWPKKo0FU=
github.com/zeebo/assert v1.3.0 h1:g7C04CbJuIDKNPFHmsk4hwZDO5O+kntRxzaUoNXj+IQ=
github.com/zeebo/assert v1.3.0/go.mod h1:Pq9JiuJQpG8JLJdtkwrJESF0Foym2/D9XMU5ciN/wJ0=
github.com/zeebo/xxh3 v1.0.2 h1:xZmwmqxHZA8AI603jOQ0tMqmBr9lPeFwGg6d+xy9DC0=
github.com/zeebo/xxh3 v1.0.2/go.mod h1:5NWz9Sef7zIDm2JHfFlcQvNekmcEl9ekUZQQKCYaDcA=
go.uber.org/multierr v1.11.0 h1:blXXJkSxSSfBVBlC76pxqeO+LN3aDfLQo+309xJstO0=
go.uber.org/multierr v1.11.0/go.mod h1:20+QtiLqy0Nd6FdQB9TLXag12DsQkrbs3htMFfDN80Y=
golang.org/x/crypto v0.0.0-20210421170649-83a5a9bb288b/go.mod h1:T9bdIzuCu7OtxOm1hfPfRQxPLYneinmdGuTeoZ9dtd4=
golang.org/x/crypto v0.37.0 h1:kJNSjF/Xp7kU0iB2Z+9viTPMW4EqqsrywMXLJOOsXSE=
golang.org/x/crypto v0.37.0/go.mod h1:vg+k43peMZ0pUMhYmVAWysMK35e6ioLh3wB8ZCAfbVc=
golang.org/x/exp v0.0.0-20250408133849-7e4ce0ab07d0 h1:R84qjqJb5nVJMxqWYb3np9L5ZsaDtB+a39EqjV0JSUM=
golang.org/x/exp v0.0.0-20250408133849-7e4ce0ab07d0/go.mod h1:S9Xr4PYopiDyqSyp5NjCrhFrqg6A5zA2E/iPHPhqnS8=
golang.org/x/mod v0.25.0 h1:n7a+ZbQKQA/Ysbyb0/6IbB1H/X41mKgbhfv7AfG/44w=
golang.org/x/mod v0.25.0/go.mod h1:IXM97Txy2VM4PJ3gI61r1YEk/gAj6zAHN3AdZt6S9Ww=
golang.org/x/net v0.0.0-20210226172049-e18ecbb05110/go.mod h1:m0MpNAwzfU5UDzcl9v0D8zg8gWTRqZa9RBIspLL5mdg=
golang.org/x/sync v0.15.0 h1:KWH3jNZsfyT6xfAfKiz6MRNmd46ByHDYaZ7KSkCtdW8=
golang.org/x/sync v0.15.0/go.mod h1:1dzgHSNfp02xaA81J2MS99Qcpr2w7fw1gpm99rleRqA=
golang.org/x/sync v0.16.0 h1:ycBJEhp9p4vXvUZNszeOq0kGTPghopOL8q0fq3vstxw=
golang.org/x/sync v0.16.0/go.mod h1:1dzgHSNfp02xaA81J2MS99Qcpr2w7fw1gpm99rleRqA=
golang.org/x/sys v0.0.0-20201119102817-f84b799fce68/go.mod h1:h1NjWce9XRLGQEsW7wpKNCjG9DtNlClVuFLEZdDNbEs=
golang.org/x/sys v0.6.0/go.mod h1:oPkhp1MJrh7nUepCBck5+mAzfO9JrbApNNgaTdGDITg=
golang.org/x/sys v0.33.0 h1:q3i8TbbEz+JRD9ywIRlyRAQbM0qF7hu24q3teo2hbuw=
golang.org/x/sys v0.33.0/go.mod h1:BJP2sWEmIv4KK5OTEluFJCKSidICx8ciO85XgH3Ak8k=
golang.org/x/term v0.0.0-20201126162022-7de9c90e9dd1/go.mod h1:bj7SfCRtBDWHUb9snDiAeCFNEtKQo2Wmx5Cou7ajbmo=
golang.org/x/text v0.3.3/go.mod h1:5Zoc/QRtKVWzQhOtBMvqHzDpF6irO9z98xDceosuGiQ=
golang.org/x/text v0.26.0 h1:P42AVeLghgTYr4+xUnTRKDMqpar+PtX7KWuNQL21L8M=
golang.org/x/text v0.26.0/go.mod h1:QK15LZJUUQVJxhz7wXgxSy/CJaTFjd0G+YLonydOVQA=
golang.org/x/text v0.27.0 h1:4fGWRpyh641NLlecmyl4LOe6yDdfaYNrGb2zdfo4JV4=
golang.org/x/text v0.27.0/go.mod h1:1D28KMCvyooCX9hBiosv5Tz/+YLxj0j7XhWjpSUF7CU=
golang.org/x/tools v0.0.0-20180917221912-90fa682c2a6e/go.mod h1:n7NCudcB/nEzxVGmLbDWY5pfWTLqBcC2KZ6jyYvM4mQ=
golang.org/x/tools v0.33.0 h1:4qz2S3zmRxbGIhDIAgjxvFutSvH5EfnsYrRBj0UI0bc=
golang.org/x/tools v0.33.0/go.mod h1:CIJMaWEY88juyUfo7UbgPqbC8rU2OqfAV1h2Qp0oMYI=
golang.org/x/tools v0.34.0 h1:qIpSLOxeCYGg9TrcJokLBG4KFA6d795g0xkBkiESGlo=
golang.org/x/tools v0.34.0/go.mod h1:pAP9OwEaY1CAW3HOmg3hLZC5Z0CCmzjAF2UQMSqNARg=
golang.org/x/xerrors v0.0.0-20240903120638-7835f813f4da h1:noIWHXmPHxILtqtCOPIhSt0ABwskkZKjD3bXGnZGpNY=
golang.org/x/xerrors v0.0.0-20240903120638-7835f813f4da/go.mod h1:NDW/Ps6MPRej6fsCIbMTohpP40sJ/P/vI1MoTEGwX90=
gonum.org/v1/gonum v0.15.1 h1:FNy7N6OUZVUaWG9pTiD+jlhdQ3lMP+/LcTpJ6+a8sQ0=
gonum.org/v1/gonum v0.15.1/go.mod h1:eZTZuRFrzu5pcyjN5wJhcIhnUdNijYxX1T2IcrOGY0o=
gopkg.in/check.v1 v0.0.0-20161208181325-20d25e280405/go.mod h1:Co6ibVJAznAaIkqp8huTwlJQCZ016jof/cbN4VW5Yz0=
gopkg.in/check.v1 v1.0.0-20201130134442-10cb98267c6c h1:Hei/4ADfdWqJk1ZMxUNpqntNwaWcugrBjAiHlqqRiVk=
gopkg.in/check.v1 v1.0.0-20201130134442-10cb98267c6c/go.mod h1:JHkPIbrfpd72SG/EVd6muEfDQjcINNoR0C8j2r3qZ4Q=
gopkg.in/ini.v1 v1.67.0 h1:Dgnx+6+nfE+IfzjUEISNeydPJh9AXNNsWbGP9KzCsOA=
gopkg.in/ini.v1 v1.67.0/go.mod h1:pNLf8WUiyNEtQjuu5G5vTm06TEv9tsIgeAvK8hOrP4k=
gopkg.in/yaml.v3 v3.0.1 h1:fxVm/GzAzEWqLHuvctI91KS9hhNmmWOoWu0XTYJS7CA=
gopkg.in/yaml.v3 v3.0.1/go.mod h1:K4uyk7z7BCEPqu6E+C64Yfv1cQ7kz7rIZviUmN+EgEM=
